<?xml version="1.0" encoding="utf-8"?>
<Project ToolsVersion="4.0" xmlns="http://schemas.microsoft.com/developer/msbuild/2003">
  <ItemGroup>
    <Filter Include="Source Files">
      <UniqueIdentifier>{4FC737F1-C7A5-4376-A066-2A32D752A2FF}</UniqueIdentifier>
      <Extensions>cpp;c;cc;cxx;def;odl;idl;hpj;bat;asm;asmx</Extensions>
    </Filter>
    <Filter Include="Header Files">
      <UniqueIdentifier>{93995380-89BD-4b04-88EB-625FBE52EBFB}</UniqueIdentifier>
      <Extensions>h;hh;hpp;hxx;hm;inl;inc;xsd</Extensions>
    </Filter>
    <Filter Include="Resource Files">
      <UniqueIdentifier>{67DA6AB6-F800-4c08-8B7A-83BB121AAD01}</UniqueIdentifier>
      <Extensions>rc;ico;cur;bmp;dlg;rc2;rct;bin;rgs;gif;jpg;jpeg;jpe;resx;tiff;tif;png;wav;mfcribbon-ms</Extensions>
    </Filter>
  </ItemGroup>
  <ItemGroup>
    <ClCompile Include="main.cpp">
      <Filter>Source Files</Filter>
    </ClCompile>
    <ClCompile Include="ApplicationManagement\Source\ApplicationManager.cpp">
      <Filter>Source Files</Filter>
    </ClCompile>
    <ClCompile Include="ApplicationManagement\Source\SDL2Manager.cpp">
      <Filter>Source Files</Filter>
    </ClCompile>
    <ClCompile Include="ApplicationManagement\Source\GLContextManager.cpp">
      <Filter>Source Files</Filter>
    </ClCompile>
    <ClCompile Include="ApplicationManagement\Source\WindowManager.cpp">
      <Filter>Source Files</Filter>
    </ClCompile>
    <ClCompile Include="ApplicationManagement\Input\Source\InputManager.cpp">
      <Filter>Source Files</Filter>
    </ClCompile>
    <ClCompile Include="ApplicationManagement\Input\Source\InputEvent.cpp">
      <Filter>Source Files</Filter>
    </ClCompile>
    <ClCompile Include="Core\Math\UnitTests\MatrixTests.cpp">
      <Filter>Source Files</Filter>
    </ClCompile>
    <ClCompile Include="Core\Math\UnitTests\VectorTests.cpp">
      <Filter>Source Files</Filter>
    </ClCompile>
    <ClCompile Include="Core\CoreUnitTests.cpp">
      <Filter>Source Files</Filter>
    </ClCompile>
    <ClCompile Include="ApplicationManagement\Input\Source\InputDefs.cpp">
      <Filter>Source Files</Filter>
    </ClCompile>
    <ClCompile Include="ApplicationManagement\Rendering\Source\RenderManager.cpp">
      <Filter>Source Files</Filter>
    </ClCompile>
    <ClCompile Include="ApplicationManagement\Time\Source\TimeManager.cpp">
      <Filter>Source Files</Filter>
    </ClCompile>
    <ClCompile Include="ApplicationManagement\GameSystem\Source\GameSystemManager.cpp">
      <Filter>Source Files</Filter>
    </ClCompile>
    <ClCompile Include="Core\Functionality\Source\Scheduler.cpp">
      <Filter>Source Files</Filter>
    </ClCompile>
    <ClCompile Include="ApplicationManagement\GameSystem\Collision\Source\CollisionManager.cpp">
      <Filter>Source Files</Filter>
    </ClCompile>
    <ClCompile Include="ApplicationManagement\GameSystem\Collision\Headers\CollisionManager.h">
      <Filter>Source Files</Filter>
    </ClCompile>
    <ClCompile Include="ApplicationManagement\Rendering\Source\RenderObjectBase.cpp">
      <Filter>Source Files</Filter>
    </ClCompile>
    <ClCompile Include="ApplicationManagement\GameSystem\Collision\Source\CollisionObjectBase.cpp">
      <Filter>Source Files</Filter>
    </ClCompile>
    <ClCompile Include="Core\Functionality\Source\Subscription.cpp">
      <Filter>Source Files</Filter>
    </ClCompile>
    <ClCompile Include="ApplicationManagement\GameSystem\Source\GameObjectBase.cpp">
      <Filter>Source Files</Filter>
    </ClCompile>
    <ClCompile Include="ApplicationManagement\Rendering\Source\Renderer.cpp">
      <Filter>Source Files</Filter>
    </ClCompile>
    <ClCompile Include="ApplicationManagement\Rendering\3D\Source\Mesh.cpp">
      <Filter>Source Files</Filter>
    </ClCompile>
    <ClCompile Include="ApplicationManagement\Rendering\3D\Source\Model.cpp">
      <Filter>Source Files</Filter>
    </ClCompile>
    <ClCompile Include="ApplicationManagement\Rendering\2D\Source\Image.cpp">
      <Filter>Source Files</Filter>
    </ClCompile>
    <ClCompile Include="ApplicationManagement\Rendering\2D\Source\Texture.cpp">
      <Filter>Source Files</Filter>
    </ClCompile>
    <ClCompile Include="ApplicationManagement\Rendering\2D\Source\Material.cpp">
      <Filter>Source Files</Filter>
    </ClCompile>
    <ClCompile Include="ApplicationManagement\Rendering\Shaders\Source\ObjectShader.cpp">
      <Filter>Source Files</Filter>
    </ClCompile>
    <ClCompile Include="ApplicationManagement\Rendering\Shaders\Source\FragmentShader.cpp">
      <Filter>Source Files</Filter>
    </ClCompile>
    <ClCompile Include="ApplicationManagement\Rendering\Shaders\Source\VertexShader.cpp">
      <Filter>Source Files</Filter>
    </ClCompile>
    <ClCompile Include="ApplicationManagement\Rendering\Shaders\Source\ShaderManager.cpp">
      <Filter>Source Files</Filter>
    </ClCompile>
    <ClCompile Include="ApplicationManagement\Rendering\Source\RenderObjectManager.cpp">
      <Filter>Source Files</Filter>
    </ClCompile>
    <ClCompile Include="ApplicationManagement\Rendering\3D\Source\Camera.cpp">
      <Filter>Source Files</Filter>
    </ClCompile>
    <ClCompile Include="ApplicationManagement\Rendering\Animation\Source\KeyFrame.cpp">
      <Filter>Source Files</Filter>
    </ClCompile>
    <ClCompile Include="ApplicationManagement\Rendering\Animation\Source\Timeline.cpp">
      <Filter>Source Files</Filter>
    </ClCompile>
    <ClCompile Include="ApplicationManagement\Rendering\3D\Source\AnimatedModel.cpp">
      <Filter>Source Files</Filter>
    </ClCompile>
  </ItemGroup>
  <ItemGroup>
    <None Include="Dependencies\Dlls\SDL2\libfreetype-6.dll" />
    <None Include="Dependencies\Dlls\SDL2\libjpeg-9.dll" />
    <None Include="Dependencies\Dlls\SDL2\libpng16-16.dll" />
    <None Include="Dependencies\Dlls\SDL2\libtiff-5.dll" />
    <None Include="Dependencies\Dlls\SDL2\libwebp-4.dll" />
    <None Include="Dependencies\Dlls\SDL2\SDL2.dll" />
    <None Include="Dependencies\Dlls\SDL2\SDL2_image.dll" />
    <None Include="Dependencies\Dlls\SDL2\SDL2_net.dll" />
    <None Include="Dependencies\Dlls\SDL2\SDL2_ttf.dll" />
    <None Include="Dependencies\Dlls\SDL2\zlib1.dll" />
    <None Include="Dependencies\Dlls\GLEW\glew32.dll" />
    <None Include="__Planning\GameEngine.xmi" />
  </ItemGroup>
  <ItemGroup>
    <ClInclude Include="Dependencies\Includes\SDL2\begin_code.h">
      <Filter>Header Files</Filter>
    </ClInclude>
    <ClInclude Include="Dependencies\Includes\SDL2\close_code.h">
      <Filter>Header Files</Filter>
    </ClInclude>
    <ClInclude Include="Dependencies\Includes\SDL2\SDL.h">
      <Filter>Header Files</Filter>
    </ClInclude>
    <ClInclude Include="Dependencies\Includes\SDL2\SDL_assert.h">
      <Filter>Header Files</Filter>
    </ClInclude>
    <ClInclude Include="Dependencies\Includes\SDL2\SDL_atomic.h">
      <Filter>Header Files</Filter>
    </ClInclude>
    <ClInclude Include="Dependencies\Includes\SDL2\SDL_audio.h">
      <Filter>Header Files</Filter>
    </ClInclude>
    <ClInclude Include="Dependencies\Includes\SDL2\SDL_bits.h">
      <Filter>Header Files</Filter>
    </ClInclude>
    <ClInclude Include="Dependencies\Includes\SDL2\SDL_blendmode.h">
      <Filter>Header Files</Filter>
    </ClInclude>
    <ClInclude Include="Dependencies\Includes\SDL2\SDL_clipboard.h">
      <Filter>Header Files</Filter>
    </ClInclude>
    <ClInclude Include="Dependencies\Includes\SDL2\SDL_config.h">
      <Filter>Header Files</Filter>
    </ClInclude>
    <ClInclude Include="Dependencies\Includes\SDL2\SDL_cpuinfo.h">
      <Filter>Header Files</Filter>
    </ClInclude>
    <ClInclude Include="Dependencies\Includes\SDL2\SDL_endian.h">
      <Filter>Header Files</Filter>
    </ClInclude>
    <ClInclude Include="Dependencies\Includes\SDL2\SDL_error.h">
      <Filter>Header Files</Filter>
    </ClInclude>
    <ClInclude Include="Dependencies\Includes\SDL2\SDL_events.h">
      <Filter>Header Files</Filter>
    </ClInclude>
    <ClInclude Include="Dependencies\Includes\SDL2\SDL_filesystem.h">
      <Filter>Header Files</Filter>
    </ClInclude>
    <ClInclude Include="Dependencies\Includes\SDL2\SDL_gamecontroller.h">
      <Filter>Header Files</Filter>
    </ClInclude>
    <ClInclude Include="Dependencies\Includes\SDL2\SDL_gesture.h">
      <Filter>Header Files</Filter>
    </ClInclude>
    <ClInclude Include="Dependencies\Includes\SDL2\SDL_haptic.h">
      <Filter>Header Files</Filter>
    </ClInclude>
    <ClInclude Include="Dependencies\Includes\SDL2\SDL_hints.h">
      <Filter>Header Files</Filter>
    </ClInclude>
    <ClInclude Include="Dependencies\Includes\SDL2\SDL_image.h">
      <Filter>Header Files</Filter>
    </ClInclude>
    <ClInclude Include="Dependencies\Includes\SDL2\SDL_joystick.h">
      <Filter>Header Files</Filter>
    </ClInclude>
    <ClInclude Include="Dependencies\Includes\SDL2\SDL_keyboard.h">
      <Filter>Header Files</Filter>
    </ClInclude>
    <ClInclude Include="Dependencies\Includes\SDL2\SDL_keycode.h">
      <Filter>Header Files</Filter>
    </ClInclude>
    <ClInclude Include="Dependencies\Includes\SDL2\SDL_loadso.h">
      <Filter>Header Files</Filter>
    </ClInclude>
    <ClInclude Include="Dependencies\Includes\SDL2\SDL_log.h">
      <Filter>Header Files</Filter>
    </ClInclude>
    <ClInclude Include="Dependencies\Includes\SDL2\SDL_main.h">
      <Filter>Header Files</Filter>
    </ClInclude>
    <ClInclude Include="Dependencies\Includes\SDL2\SDL_messagebox.h">
      <Filter>Header Files</Filter>
    </ClInclude>
    <ClInclude Include="Dependencies\Includes\SDL2\SDL_mouse.h">
      <Filter>Header Files</Filter>
    </ClInclude>
    <ClInclude Include="Dependencies\Includes\SDL2\SDL_mutex.h">
      <Filter>Header Files</Filter>
    </ClInclude>
    <ClInclude Include="Dependencies\Includes\SDL2\SDL_name.h">
      <Filter>Header Files</Filter>
    </ClInclude>
    <ClInclude Include="Dependencies\Includes\SDL2\SDL_net.h">
      <Filter>Header Files</Filter>
    </ClInclude>
    <ClInclude Include="Dependencies\Includes\SDL2\SDL_opengl.h">
      <Filter>Header Files</Filter>
    </ClInclude>
    <ClInclude Include="Dependencies\Includes\SDL2\SDL_opengles.h">
      <Filter>Header Files</Filter>
    </ClInclude>
    <ClInclude Include="Dependencies\Includes\SDL2\SDL_opengles2.h">
      <Filter>Header Files</Filter>
    </ClInclude>
    <ClInclude Include="Dependencies\Includes\SDL2\SDL_pixels.h">
      <Filter>Header Files</Filter>
    </ClInclude>
    <ClInclude Include="Dependencies\Includes\SDL2\SDL_platform.h">
      <Filter>Header Files</Filter>
    </ClInclude>
    <ClInclude Include="Dependencies\Includes\SDL2\SDL_power.h">
      <Filter>Header Files</Filter>
    </ClInclude>
    <ClInclude Include="Dependencies\Includes\SDL2\SDL_quit.h">
      <Filter>Header Files</Filter>
    </ClInclude>
    <ClInclude Include="Dependencies\Includes\SDL2\SDL_rect.h">
      <Filter>Header Files</Filter>
    </ClInclude>
    <ClInclude Include="Dependencies\Includes\SDL2\SDL_render.h">
      <Filter>Header Files</Filter>
    </ClInclude>
    <ClInclude Include="Dependencies\Includes\SDL2\SDL_revision.h">
      <Filter>Header Files</Filter>
    </ClInclude>
    <ClInclude Include="Dependencies\Includes\SDL2\SDL_rwops.h">
      <Filter>Header Files</Filter>
    </ClInclude>
    <ClInclude Include="Dependencies\Includes\SDL2\SDL_scancode.h">
      <Filter>Header Files</Filter>
    </ClInclude>
    <ClInclude Include="Dependencies\Includes\SDL2\SDL_shape.h">
      <Filter>Header Files</Filter>
    </ClInclude>
    <ClInclude Include="Dependencies\Includes\SDL2\SDL_stdinc.h">
      <Filter>Header Files</Filter>
    </ClInclude>
    <ClInclude Include="Dependencies\Includes\SDL2\SDL_surface.h">
      <Filter>Header Files</Filter>
    </ClInclude>
    <ClInclude Include="Dependencies\Includes\SDL2\SDL_system.h">
      <Filter>Header Files</Filter>
    </ClInclude>
    <ClInclude Include="Dependencies\Includes\SDL2\SDL_syswm.h">
      <Filter>Header Files</Filter>
    </ClInclude>
    <ClInclude Include="Dependencies\Includes\SDL2\SDL_test.h">
      <Filter>Header Files</Filter>
    </ClInclude>
    <ClInclude Include="Dependencies\Includes\SDL2\SDL_test_assert.h">
      <Filter>Header Files</Filter>
    </ClInclude>
    <ClInclude Include="Dependencies\Includes\SDL2\SDL_test_common.h">
      <Filter>Header Files</Filter>
    </ClInclude>
    <ClInclude Include="Dependencies\Includes\SDL2\SDL_test_compare.h">
      <Filter>Header Files</Filter>
    </ClInclude>
    <ClInclude Include="Dependencies\Includes\SDL2\SDL_test_crc32.h">
      <Filter>Header Files</Filter>
    </ClInclude>
    <ClInclude Include="Dependencies\Includes\SDL2\SDL_test_font.h">
      <Filter>Header Files</Filter>
    </ClInclude>
    <ClInclude Include="Dependencies\Includes\SDL2\SDL_test_fuzzer.h">
      <Filter>Header Files</Filter>
    </ClInclude>
    <ClInclude Include="Dependencies\Includes\SDL2\SDL_test_harness.h">
      <Filter>Header Files</Filter>
    </ClInclude>
    <ClInclude Include="Dependencies\Includes\SDL2\SDL_test_images.h">
      <Filter>Header Files</Filter>
    </ClInclude>
    <ClInclude Include="Dependencies\Includes\SDL2\SDL_test_log.h">
      <Filter>Header Files</Filter>
    </ClInclude>
    <ClInclude Include="Dependencies\Includes\SDL2\SDL_test_md5.h">
      <Filter>Header Files</Filter>
    </ClInclude>
    <ClInclude Include="Dependencies\Includes\SDL2\SDL_test_random.h">
      <Filter>Header Files</Filter>
    </ClInclude>
    <ClInclude Include="Dependencies\Includes\SDL2\SDL_thread.h">
      <Filter>Header Files</Filter>
    </ClInclude>
    <ClInclude Include="Dependencies\Includes\SDL2\SDL_timer.h">
      <Filter>Header Files</Filter>
    </ClInclude>
    <ClInclude Include="Dependencies\Includes\SDL2\SDL_touch.h">
      <Filter>Header Files</Filter>
    </ClInclude>
    <ClInclude Include="Dependencies\Includes\SDL2\SDL_ttf.h">
      <Filter>Header Files</Filter>
    </ClInclude>
    <ClInclude Include="Dependencies\Includes\SDL2\SDL_types.h">
      <Filter>Header Files</Filter>
    </ClInclude>
    <ClInclude Include="Dependencies\Includes\SDL2\SDL_version.h">
      <Filter>Header Files</Filter>
    </ClInclude>
    <ClInclude Include="Dependencies\Includes\SDL2\SDL_video.h">
      <Filter>Header Files</Filter>
    </ClInclude>
    <ClInclude Include="Dependencies\Includes\GLEW\glew.h">
      <Filter>Header Files</Filter>
    </ClInclude>
    <ClInclude Include="ApplicationManagement\Headers\ApplicationManager.h">
      <Filter>Header Files</Filter>
    </ClInclude>
    <ClInclude Include="ApplicationManagement\Headers\SDL2Manager.h">
      <Filter>Header Files</Filter>
    </ClInclude>
    <ClInclude Include="ApplicationManagement\Headers\GLContextManager.h">
      <Filter>Header Files</Filter>
    </ClInclude>
    <ClInclude Include="ApplicationManagement\Headers\WindowManager.h">
      <Filter>Header Files</Filter>
    </ClInclude>
    <ClInclude Include="ApplicationManagement\Input\Headers\InputManager.h">
      <Filter>Header Files</Filter>
    </ClInclude>
    <ClInclude Include="ApplicationManagement\Input\Headers\InputEvent.h">
      <Filter>Header Files</Filter>
    </ClInclude>
    <ClInclude Include="ApplicationManagement\Input\Headers\InputDefs.h">
      <Filter>Header Files</Filter>
    </ClInclude>
    <ClInclude Include="Core\Debugging\Headers\Declarations.h">
      <Filter>Header Files</Filter>
    </ClInclude>
    <ClInclude Include="Core\Debugging\Headers\Macros.h">
      <Filter>Header Files</Filter>
    </ClInclude>
    <ClInclude Include="Core\Functionality\Headers\Delegate.h">
      <Filter>Header Files</Filter>
    </ClInclude>
    <ClInclude Include="Core\Functionality\Headers\Event.h">
      <Filter>Header Files</Filter>
    </ClInclude>
    <ClInclude Include="Core\Functionality\Headers\Function.h">
      <Filter>Header Files</Filter>
    </ClInclude>
    <ClInclude Include="Core\Geometric\Headers\Transform.h">
      <Filter>Header Files</Filter>
    </ClInclude>
    <ClInclude Include="Core\Headers\AllCore.h">
      <Filter>Header Files</Filter>
    </ClInclude>
    <ClInclude Include="Core\Headers\CoreDefs.h">
      <Filter>Header Files</Filter>
    </ClInclude>
    <ClInclude Include="Core\Headers\ListDefs.h">
      <Filter>Header Files</Filter>
    </ClInclude>
    <ClInclude Include="Core\Headers\PtrDefs.h">
      <Filter>Header Files</Filter>
    </ClInclude>
    <ClInclude Include="Core\Headers\TemplateDefs.h">
      <Filter>Header Files</Filter>
    </ClInclude>
    <ClInclude Include="Core\Math\Headers\MathDefs.h">
      <Filter>Header Files</Filter>
    </ClInclude>
    <ClInclude Include="Core\Math\Headers\Matrix.h">
      <Filter>Header Files</Filter>
    </ClInclude>
    <ClInclude Include="Core\Math\Headers\Matrix2x2.h">
      <Filter>Header Files</Filter>
    </ClInclude>
    <ClInclude Include="Core\Math\Headers\Matrix3x3.h">
      <Filter>Header Files</Filter>
    </ClInclude>
    <ClInclude Include="Core\Math\Headers\Matrix4x4.h">
      <Filter>Header Files</Filter>
    </ClInclude>
    <ClInclude Include="Core\Math\Headers\MatrixFunctions.h">
      <Filter>Header Files</Filter>
    </ClInclude>
    <ClInclude Include="Core\Math\Headers\Quaternion.h">
      <Filter>Header Files</Filter>
    </ClInclude>
    <ClInclude Include="Core\Math\Headers\QuaternionFunctions.h">
      <Filter>Header Files</Filter>
    </ClInclude>
    <ClInclude Include="Core\Math\Headers\Utility.h">
      <Filter>Header Files</Filter>
    </ClInclude>
    <ClInclude Include="Core\Math\Headers\Vector.h">
      <Filter>Header Files</Filter>
    </ClInclude>
    <ClInclude Include="Core\Math\Headers\Vector2.h">
      <Filter>Header Files</Filter>
    </ClInclude>
    <ClInclude Include="Core\Math\Headers\Vector3.h">
      <Filter>Header Files</Filter>
    </ClInclude>
    <ClInclude Include="Core\Math\Headers\Vector4.h">
      <Filter>Header Files</Filter>
    </ClInclude>
    <ClInclude Include="Core\Math\Headers\VectorFunctions.h">
      <Filter>Header Files</Filter>
    </ClInclude>
    <ClInclude Include="Core\Math\UnitTests\MathUnitTests.h">
      <Filter>Header Files</Filter>
    </ClInclude>
    <ClInclude Include="Core\Math\UnitTests\MatrixTests.h">
      <Filter>Header Files</Filter>
    </ClInclude>
    <ClInclude Include="Core\Math\UnitTests\VectorTests.h">
      <Filter>Header Files</Filter>
    </ClInclude>
    <ClInclude Include="ApplicationManagement\Rendering\Headers\RenderManager.h">
      <Filter>Header Files</Filter>
    </ClInclude>
    <ClInclude Include="ApplicationManagement\Time\Headers\TimeManager.h">
      <Filter>Header Files</Filter>
    </ClInclude>
    <ClInclude Include="Core\Headers\TimeDefs.h">
      <Filter>Header Files</Filter>
    </ClInclude>
    <ClInclude Include="Core\Headers\MapDefs.h">
      <Filter>Header Files</Filter>
    </ClInclude>
    <ClInclude Include="Core\Functionality\Headers\Lock.h">
      <Filter>Header Files</Filter>
    </ClInclude>
    <ClInclude Include="ApplicationManagement\GameSystem\Headers\GameSystemManager.h">
      <Filter>Header Files</Filter>
    </ClInclude>
    <ClInclude Include="Core\Functionality\Headers\Scheduler.h">
      <Filter>Header Files</Filter>
    </ClInclude>
    <ClInclude Include="ApplicationManagement\Rendering\Headers\RenderObjectBase.h">
      <Filter>Header Files</Filter>
    </ClInclude>
    <ClInclude Include="ApplicationManagement\GameSystem\Collision\Headers\CollisionObjectBase.h">
      <Filter>Header Files</Filter>
    </ClInclude>
    <ClInclude Include="Core\Functionality\Headers\Subscription.h">
      <Filter>Header Files</Filter>
    </ClInclude>
    <ClInclude Include="ApplicationManagement\GameSystem\Headers\GameObjectBase.h">
      <Filter>Header Files</Filter>
    </ClInclude>
    <ClInclude Include="ApplicationManagement\Rendering\Headers\Renderer.h">
      <Filter>Header Files</Filter>
    </ClInclude>
    <ClInclude Include="ApplicationManagement\Rendering\3D\Headers\Mesh.h">
      <Filter>Header Files</Filter>
    </ClInclude>
    <ClInclude Include="ApplicationManagement\Rendering\3D\Headers\Model.h">
      <Filter>Header Files</Filter>
    </ClInclude>
    <ClInclude Include="ApplicationManagement\Rendering\2D\Headers\Image.h">
      <Filter>Header Files</Filter>
    </ClInclude>
    <ClInclude Include="ApplicationManagement\Rendering\2D\Headers\Texture.h">
      <Filter>Header Files</Filter>
    </ClInclude>
    <ClInclude Include="ApplicationManagement\Rendering\2D\Headers\Material.h">
      <Filter>Header Files</Filter>
    </ClInclude>
    <ClInclude Include="ApplicationManagement\Rendering\Shaders\Headers\ObjectShader.h">
      <Filter>Header Files</Filter>
    </ClInclude>
    <ClInclude Include="ApplicationManagement\Rendering\Shaders\Headers\VertexShader.h">
      <Filter>Header Files</Filter>
    </ClInclude>
    <ClInclude Include="ApplicationManagement\Rendering\Shaders\Headers\FragmentShader.h">
      <Filter>Header Files</Filter>
    </ClInclude>
    <ClInclude Include="ApplicationManagement\Rendering\Shaders\Headers\ShaderManager.h">
      <Filter>Header Files</Filter>
    </ClInclude>
    <ClInclude Include="ApplicationManagement\Rendering\Headers\RenderObjectManager.h">
      <Filter>Header Files</Filter>
    </ClInclude>
    <ClInclude Include="ApplicationManagement\Rendering\3D\Headers\Camera.h">
      <Filter>Header Files</Filter>
    </ClInclude>
    <ClInclude Include="ApplicationManagement\Rendering\Animation\Headers\KeyFrame.h">
      <Filter>Header Files</Filter>
    </ClInclude>
    <ClInclude Include="ApplicationManagement\Rendering\Animation\Headers\Timeline.h">
      <Filter>Header Files</Filter>
    </ClInclude>
    <ClInclude Include="ApplicationManagement\Rendering\3D\Headers\AnimatedModel.h">
      <Filter>Header Files</Filter>
    </ClInclude>
  </ItemGroup>
  <ItemGroup>
    <Library Include="Dependencies\Libs\SDL2\_SDL2main.lib" />
    <Library Include="Dependencies\Libs\SDL2\SDL2.lib" />
    <Library Include="Dependencies\Libs\SDL2\SDL2_image.lib" />
    <Library Include="Dependencies\Libs\SDL2\SDL2_net.lib" />
    <Library Include="Dependencies\Libs\SDL2\SDL2_ttf.lib" />
    <Library Include="Dependencies\Libs\SDL2\SDL2main.lib" />
    <Library Include="Dependencies\Libs\GLEW\glew32s.lib" />
  </ItemGroup>
  <ItemGroup>
    <Text Include="__Planning\Notes.txt" />
  </ItemGroup>
  <ItemGroup>
    <Image Include="__Planning\class diagram.png">
      <Filter>Resource Files</Filter>
    </Image>
  </ItemGroup>
</Project>