<?xml version="1.0" encoding="utf-8"?>
<Project ToolsVersion="15.0" xmlns="http://schemas.microsoft.com/developer/msbuild/2003">
  <ItemGroup>
    <CustomBuild Include="D:\Coding\VisualStudios\Application\builds\CMakeFiles\5d0ad4d826c468be569a6bd91fe0a81c\uninstall.rule">
      <Filter>CMake Rules</Filter>
    </CustomBuild>
    <CustomBuild Include="D:\Coding\VisualStudios\Application\Application\Dependencies\SDL2-2.0.14\CMakeLists.txt" />
  </ItemGroup>
  <ItemGroup>
    <None Include="D:\Coding\VisualStudios\Application\builds\Application\Dependencies\SDL2-2.0.14\CMakeFiles\uninstall" />
  </ItemGroup>
  <ItemGroup>
    <Filter Include="CMake Rules">
      <UniqueIdentifier>{A1FC3C70-2520-3BE6-834E-D29E8530229F}</UniqueIdentifier>
    </Filter>
  </ItemGroup>
</Project>
