<?xml version="1.0" encoding="utf-8"?>
<Project ToolsVersion="16.0" xmlns="http://schemas.microsoft.com/developer/msbuild/2003">
  <ItemGroup>
    <ClCompile Include="D:\Coding\VisualStudios\Application\ThePlant\Product\Dependencies\lua\src\lapi.c">
      <Filter>Source Files</Filter>
    </ClCompile>
    <ClCompile Include="D:\Coding\VisualStudios\Application\ThePlant\Product\Dependencies\lua\src\lcode.c">
      <Filter>Source Files</Filter>
    </ClCompile>
    <ClCompile Include="D:\Coding\VisualStudios\Application\ThePlant\Product\Dependencies\lua\src\lctype.c">
      <Filter>Source Files</Filter>
    </ClCompile>
    <ClCompile Include="D:\Coding\VisualStudios\Application\ThePlant\Product\Dependencies\lua\src\ldebug.c">
      <Filter>Source Files</Filter>
    </ClCompile>
    <ClCompile Include="D:\Coding\VisualStudios\Application\ThePlant\Product\Dependencies\lua\src\ldo.c">
      <Filter>Source Files</Filter>
    </ClCompile>
    <ClCompile Include="D:\Coding\VisualStudios\Application\ThePlant\Product\Dependencies\lua\src\ldump.c">
      <Filter>Source Files</Filter>
    </ClCompile>
    <ClCompile Include="D:\Coding\VisualStudios\Application\ThePlant\Product\Dependencies\lua\src\lfunc.c">
      <Filter>Source Files</Filter>
    </ClCompile>
    <ClCompile Include="D:\Coding\VisualStudios\Application\ThePlant\Product\Dependencies\lua\src\lgc.c">
      <Filter>Source Files</Filter>
    </ClCompile>
    <ClCompile Include="D:\Coding\VisualStudios\Application\ThePlant\Product\Dependencies\lua\src\llex.c">
      <Filter>Source Files</Filter>
    </ClCompile>
    <ClCompile Include="D:\Coding\VisualStudios\Application\ThePlant\Product\Dependencies\lua\src\lmem.c">
      <Filter>Source Files</Filter>
    </ClCompile>
    <ClCompile Include="D:\Coding\VisualStudios\Application\ThePlant\Product\Dependencies\lua\src\lobject.c">
      <Filter>Source Files</Filter>
    </ClCompile>
    <ClCompile Include="D:\Coding\VisualStudios\Application\ThePlant\Product\Dependencies\lua\src\lopcodes.c">
      <Filter>Source Files</Filter>
    </ClCompile>
    <ClCompile Include="D:\Coding\VisualStudios\Application\ThePlant\Product\Dependencies\lua\src\lparser.c">
      <Filter>Source Files</Filter>
    </ClCompile>
    <ClCompile Include="D:\Coding\VisualStudios\Application\ThePlant\Product\Dependencies\lua\src\lstate.c">
      <Filter>Source Files</Filter>
    </ClCompile>
    <ClCompile Include="D:\Coding\VisualStudios\Application\ThePlant\Product\Dependencies\lua\src\lstring.c">
      <Filter>Source Files</Filter>
    </ClCompile>
    <ClCompile Include="D:\Coding\VisualStudios\Application\ThePlant\Product\Dependencies\lua\src\ltable.c">
      <Filter>Source Files</Filter>
    </ClCompile>
    <ClCompile Include="D:\Coding\VisualStudios\Application\ThePlant\Product\Dependencies\lua\src\ltm.c">
      <Filter>Source Files</Filter>
    </ClCompile>
    <ClCompile Include="D:\Coding\VisualStudios\Application\ThePlant\Product\Dependencies\lua\src\lundump.c">
      <Filter>Source Files</Filter>
    </ClCompile>
    <ClCompile Include="D:\Coding\VisualStudios\Application\ThePlant\Product\Dependencies\lua\src\lvm.c">
      <Filter>Source Files</Filter>
    </ClCompile>
    <ClCompile Include="D:\Coding\VisualStudios\Application\ThePlant\Product\Dependencies\lua\src\lzio.c">
      <Filter>Source Files</Filter>
    </ClCompile>
    <ClCompile Include="D:\Coding\VisualStudios\Application\ThePlant\Product\Dependencies\lua\src\lauxlib.c">
      <Filter>Source Files</Filter>
    </ClCompile>
    <ClCompile Include="D:\Coding\VisualStudios\Application\ThePlant\Product\Dependencies\lua\src\lbaselib.c">
      <Filter>Source Files</Filter>
    </ClCompile>
    <ClCompile Include="D:\Coding\VisualStudios\Application\ThePlant\Product\Dependencies\lua\src\lbitlib.c">
      <Filter>Source Files</Filter>
    </ClCompile>
    <ClCompile Include="D:\Coding\VisualStudios\Application\ThePlant\Product\Dependencies\lua\src\lcorolib.c">
      <Filter>Source Files</Filter>
    </ClCompile>
    <ClCompile Include="D:\Coding\VisualStudios\Application\ThePlant\Product\Dependencies\lua\src\ldblib.c">
      <Filter>Source Files</Filter>
    </ClCompile>
    <ClCompile Include="D:\Coding\VisualStudios\Application\ThePlant\Product\Dependencies\lua\src\liolib.c">
      <Filter>Source Files</Filter>
    </ClCompile>
    <ClCompile Include="D:\Coding\VisualStudios\Application\ThePlant\Product\Dependencies\lua\src\lmathlib.c">
      <Filter>Source Files</Filter>
    </ClCompile>
    <ClCompile Include="D:\Coding\VisualStudios\Application\ThePlant\Product\Dependencies\lua\src\loslib.c">
      <Filter>Source Files</Filter>
    </ClCompile>
    <ClCompile Include="D:\Coding\VisualStudios\Application\ThePlant\Product\Dependencies\lua\src\lstrlib.c">
      <Filter>Source Files</Filter>
    </ClCompile>
    <ClCompile Include="D:\Coding\VisualStudios\Application\ThePlant\Product\Dependencies\lua\src\ltablib.c">
      <Filter>Source Files</Filter>
    </ClCompile>
    <ClCompile Include="D:\Coding\VisualStudios\Application\ThePlant\Product\Dependencies\lua\src\linit.c">
      <Filter>Source Files</Filter>
    </ClCompile>
    <ClCompile Include="D:\Coding\VisualStudios\Application\ThePlant\Product\Dependencies\lua\src\loadlib_rel.c">
      <Filter>Source Files</Filter>
    </ClCompile>
  </ItemGroup>
  <ItemGroup>
    <CustomBuild Include="D:\Coding\VisualStudios\Application\ThePlant\Product\Dependencies\lua\CMakeLists.txt" />
  </ItemGroup>
  <ItemGroup>
    <Filter Include="Source Files">
      <UniqueIdentifier>{0951B98B-49E2-345B-BE76-B73811431D4D}</UniqueIdentifier>
    </Filter>
  </ItemGroup>
</Project>
