
Microsoft Visual Studio Solution File, Format Version 12.00
# Visual Studio 15
VisualStudioVersion = 15.0.28307.421
MinimumVisualStudioVersion = 10.0.40219.1
Project("{8BC9CEB8-8B4A-11D0-8D11-00A0C91BC942}") = "Application", "Application\Application.vcxproj", "{0BAA51BC-37B1-4975-B127-CAE90D88FF13}"
EndProject
Project("{8BC9CEB8-8B4A-11D0-8D11-00A0C91BC942}") = "DataCreation", "..\DataCreation\DataCreation\DataCreation.vcxproj", "{04E3084E-6270-4AEA-B4A0-C368951AD348}"
EndProject
Global
	GlobalSection(SolutionConfigurationPlatforms) = preSolution
		Debug|x64 = Debug|x64
		Debug|x86 = Debug|x86
		Release|x64 = Release|x64
		Release|x86 = Release|x86
	EndGlobalSection
	GlobalSection(ProjectConfigurationPlatforms) = postSolution
		{0BAA51BC-37B1-4975-B127-CAE90D88FF13}.Debug|x64.ActiveCfg = Debug|x64
		{0BAA51BC-37B1-4975-B127-CAE90D88FF13}.Debug|x64.Build.0 = Debug|x64
		{0BAA51BC-37B1-4975-B127-CAE90D88FF13}.Debug|x86.ActiveCfg = Debug|Win32
		{0BAA51BC-37B1-4975-B127-CAE90D88FF13}.Debug|x86.Build.0 = Debug|Win32
		{0BAA51BC-37B1-4975-B127-CAE90D88FF13}.Release|x64.ActiveCfg = Release|x64
		{0BAA51BC-37B1-4975-B127-CAE90D88FF13}.Release|x64.Build.0 = Release|x64
		{0BAA51BC-37B1-4975-B127-CAE90D88FF13}.Release|x86.ActiveCfg = Release|Win32
		{0BAA51BC-37B1-4975-B127-CAE90D88FF13}.Release|x86.Build.0 = Release|Win32
		{04E3084E-6270-4AEA-B4A0-C368951AD348}.Debug|x64.ActiveCfg = Debug|x64
		{04E3084E-6270-4AEA-B4A0-C368951AD348}.Debug|x64.Build.0 = Debug|x64
		{04E3084E-6270-4AEA-B4A0-C368951AD348}.Debug|x86.ActiveCfg = Debug|Win32
		{04E3084E-6270-4AEA-B4A0-C368951AD348}.Debug|x86.Build.0 = Debug|Win32
		{04E3084E-6270-4AEA-B4A0-C368951AD348}.Release|x64.ActiveCfg = Release|x64
		{04E3084E-6270-4AEA-B4A0-C368951AD348}.Release|x64.Build.0 = Release|x64
		{04E3084E-6270-4AEA-B4A0-C368951AD348}.Release|x86.ActiveCfg = Release|Win32
		{04E3084E-6270-4AEA-B4A0-C368951AD348}.Release|x86.Build.0 = Release|Win32
	EndGlobalSection
	GlobalSection(SolutionProperties) = preSolution
		HideSolutionNode = FALSE
	EndGlobalSection
	GlobalSection(ExtensibilityGlobals) = postSolution
		SolutionGuid = {EA62C47E-4278-4BC7-9D91-9CF2A85D1107}
	EndGlobalSection
EndGlobal
