<?xml version="1.0" encoding="utf-8"?>
<Project ToolsVersion="16.0" xmlns="http://schemas.microsoft.com/developer/msbuild/2003">
  <ItemGroup>
    <ClCompile Include="D:\Coding\VisualStudios\Application\Application\Core\Functionality\Source\Scheduler.cpp">
      <Filter>Source Files</Filter>
    </ClCompile>
    <ClCompile Include="D:\Coding\VisualStudios\Application\Application\Core\Geometric\2D\Source\Box.cpp">
      <Filter>Source Files</Filter>
    </ClCompile>
    <ClCompile Include="D:\Coding\VisualStudios\Application\Application\Core\Geometric\2D\Source\Circle.cpp">
      <Filter>Source Files</Filter>
    </ClCompile>
    <ClCompile Include="D:\Coding\VisualStudios\Application\Application\Core\Geometric\2D\Source\GeometryFunctions.cpp">
      <Filter>Source Files</Filter>
    </ClCompile>
    <ClCompile Include="D:\Coding\VisualStudios\Application\Application\Core\Geometric\2D\Source\Line.cpp">
      <Filter>Source Files</Filter>
    </ClCompile>
    <ClCompile Include="D:\Coding\VisualStudios\Application\Application\Core\Geometric\2D\Source\Point.cpp">
      <Filter>Source Files</Filter>
    </ClCompile>
    <ClCompile Include="D:\Coding\VisualStudios\Application\Application\Core\Geometric\2D\Source\Polygon.cpp">
      <Filter>Source Files</Filter>
    </ClCompile>
    <ClCompile Include="D:\Coding\VisualStudios\Application\Application\Core\Geometric\Source\Transform.cpp">
      <Filter>Source Files</Filter>
    </ClCompile>
    <ClCompile Include="D:\Coding\VisualStudios\Application\Application\Core\IO\Source\File.cpp">
      <Filter>Source Files</Filter>
    </ClCompile>
    <ClCompile Include="D:\Coding\VisualStudios\Application\Application\Core\IO\Source\Folder.cpp">
      <Filter>Source Files</Filter>
    </ClCompile>
    <ClCompile Include="D:\Coding\VisualStudios\Application\Application\Core\IO\Source\IOUtils.cpp">
      <Filter>Source Files</Filter>
    </ClCompile>
    <ClCompile Include="D:\Coding\VisualStudios\Application\Application\Core\Logging\ConsoleLogger.cpp">
      <Filter>Source Files</Filter>
    </ClCompile>
    <ClCompile Include="D:\Coding\VisualStudios\Application\Application\Core\Logging\Logger.cpp">
      <Filter>Source Files</Filter>
    </ClCompile>
    <ClCompile Include="D:\Coding\VisualStudios\Application\Application\Core\Math\Source\UtilityFunctions.cpp">
      <Filter>Source Files</Filter>
    </ClCompile>
    <ClCompile Include="D:\Coding\VisualStudios\Application\Application\Core\Math\UnitTests\MatrixTests.cpp">
      <Filter>Source Files</Filter>
    </ClCompile>
    <ClCompile Include="D:\Coding\VisualStudios\Application\Application\Core\Math\UnitTests\VectorTests.cpp">
      <Filter>Source Files</Filter>
    </ClCompile>
    <ClCompile Include="D:\Coding\VisualStudios\Application\Application\Core\Networking\Source\NetworkProtocol.cpp">
      <Filter>Source Files</Filter>
    </ClCompile>
    <ClCompile Include="D:\Coding\VisualStudios\Application\Application\Core\Networking\Source\Utils.cpp">
      <Filter>Source Files</Filter>
    </ClCompile>
    <ClCompile Include="D:\Coding\VisualStudios\Application\Application\Core\Source\Exception.cpp">
      <Filter>Source Files</Filter>
    </ClCompile>
    <ClCompile Include="D:\Coding\VisualStudios\Application\Application\Core\Source\Hash.cpp">
      <Filter>Source Files</Filter>
    </ClCompile>
    <ClCompile Include="D:\Coding\VisualStudios\Application\Application\Core\UnitTests\HashTesting.cpp">
      <Filter>Source Files</Filter>
    </ClCompile>
    <ClCompile Include="D:\Coding\VisualStudios\Application\Application\Core\CoreUnitTests.cpp">
      <Filter>Source Files</Filter>
    </ClCompile>
  </ItemGroup>
  <ItemGroup>
    <CustomBuild Include="D:\Coding\VisualStudios\Application\Application\Core\CMakeLists.txt" />
  </ItemGroup>
  <ItemGroup>
    <Filter Include="Source Files">
      <UniqueIdentifier>{0951B98B-49E2-345B-BE76-B73811431D4D}</UniqueIdentifier>
    </Filter>
  </ItemGroup>
</Project>
