<?xml version="1.0" encoding="utf-8"?>
<Project ToolsVersion="16.0" xmlns="http://schemas.microsoft.com/developer/msbuild/2003">
  <ItemGroup>
    <ClCompile Include="D:\Coding\VisualStudios\Application\ThePlant\Pipeline\Animation\FieldAnimation\Source\FloatAnimationTrack.cpp">
      <Filter>Source Files</Filter>
    </ClCompile>
    <ClCompile Include="D:\Coding\VisualStudios\Application\ThePlant\Pipeline\Animation\SkeletonAnimation\Source\SkeletonAnimatable.cpp">
      <Filter>Source Files</Filter>
    </ClCompile>
    <ClCompile Include="D:\Coding\VisualStudios\Application\ThePlant\Pipeline\Animation\SkeletonAnimation\Source\SkeletonAnimation.cpp">
      <Filter>Source Files</Filter>
    </ClCompile>
    <ClCompile Include="D:\Coding\VisualStudios\Application\ThePlant\Pipeline\Animation\SkeletonAnimation\Source\SkeletonAnimationMixer.cpp">
      <Filter>Source Files</Filter>
    </ClCompile>
    <ClCompile Include="D:\Coding\VisualStudios\Application\ThePlant\Pipeline\Animation\SkeletonAnimation\Source\SkeletonAnimationTrack.cpp">
      <Filter>Source Files</Filter>
    </ClCompile>
    <ClCompile Include="D:\Coding\VisualStudios\Application\ThePlant\Pipeline\Animation\Source\Animatable.cpp">
      <Filter>Source Files</Filter>
    </ClCompile>
    <ClCompile Include="D:\Coding\VisualStudios\Application\ThePlant\Pipeline\Animation\Source\AnimationCurve.cpp">
      <Filter>Source Files</Filter>
    </ClCompile>
    <ClCompile Include="D:\Coding\VisualStudios\Application\ThePlant\Pipeline\Animation\Source\AnimationManager.cpp">
      <Filter>Source Files</Filter>
    </ClCompile>
    <ClCompile Include="D:\Coding\VisualStudios\Application\ThePlant\Pipeline\Animation\Source\AnimationMixer.cpp">
      <Filter>Source Files</Filter>
    </ClCompile>
    <ClCompile Include="D:\Coding\VisualStudios\Application\ThePlant\Pipeline\Animation\Source\Animator.cpp">
      <Filter>Source Files</Filter>
    </ClCompile>
    <ClCompile Include="D:\Coding\VisualStudios\Application\ThePlant\Pipeline\Animation\Source\AnimatorComponent.cpp">
      <Filter>Source Files</Filter>
    </ClCompile>
    <ClCompile Include="D:\Coding\VisualStudios\Application\ThePlant\Pipeline\Animation\Source\Keyframe.cpp">
      <Filter>Source Files</Filter>
    </ClCompile>
    <ClCompile Include="D:\Coding\VisualStudios\Application\ThePlant\Pipeline\Animation\TransformAnimation\Source\TransformAnimationTrack.cpp">
      <Filter>Source Files</Filter>
    </ClCompile>
    <ClCompile Include="D:\Coding\VisualStudios\Application\ThePlant\Pipeline\Collision\Source\BoxCollider.cpp">
      <Filter>Source Files</Filter>
    </ClCompile>
    <ClCompile Include="D:\Coding\VisualStudios\Application\ThePlant\Pipeline\Collision\Source\ColliderBase.cpp">
      <Filter>Source Files</Filter>
    </ClCompile>
    <ClCompile Include="D:\Coding\VisualStudios\Application\ThePlant\Pipeline\Collision\Source\CollisionBase.cpp">
      <Filter>Source Files</Filter>
    </ClCompile>
    <ClCompile Include="D:\Coding\VisualStudios\Application\ThePlant\Pipeline\Collision\Source\CollisionCheck.cpp">
      <Filter>Source Files</Filter>
    </ClCompile>
    <ClCompile Include="D:\Coding\VisualStudios\Application\ThePlant\Pipeline\Collision\Source\CollisionManager.cpp">
      <Filter>Source Files</Filter>
    </ClCompile>
    <ClCompile Include="D:\Coding\VisualStudios\Application\ThePlant\Pipeline\Collision\Source\SphericalCollider.cpp">
      <Filter>Source Files</Filter>
    </ClCompile>
    <ClCompile Include="D:\Coding\VisualStudios\Application\ThePlant\Pipeline\Debugging\Source\Logging.cpp">
      <Filter>Source Files</Filter>
    </ClCompile>
    <ClCompile Include="D:\Coding\VisualStudios\Application\ThePlant\Pipeline\ECS\ObjectOriented\Source\Component.cpp">
      <Filter>Source Files</Filter>
    </ClCompile>
    <ClCompile Include="D:\Coding\VisualStudios\Application\ThePlant\Pipeline\ECS\ObjectOriented\Source\Entity.cpp">
      <Filter>Source Files</Filter>
    </ClCompile>
    <ClCompile Include="D:\Coding\VisualStudios\Application\ThePlant\Pipeline\GameSystem\Source\GameObjectBase.cpp">
      <Filter>Source Files</Filter>
    </ClCompile>
    <ClCompile Include="D:\Coding\VisualStudios\Application\ThePlant\Pipeline\GameSystem\Source\GameObjectManager.cpp">
      <Filter>Source Files</Filter>
    </ClCompile>
    <ClCompile Include="D:\Coding\VisualStudios\Application\ThePlant\Pipeline\GameSystem\Source\GameSystemManager.cpp">
      <Filter>Source Files</Filter>
    </ClCompile>
    <ClCompile Include="D:\Coding\VisualStudios\Application\ThePlant\Pipeline\Geometric\Source\CameraNode.cpp">
      <Filter>Source Files</Filter>
    </ClCompile>
    <ClCompile Include="D:\Coding\VisualStudios\Application\ThePlant\Pipeline\Geometric\Source\ContainerBase.cpp">
      <Filter>Source Files</Filter>
    </ClCompile>
    <ClCompile Include="D:\Coding\VisualStudios\Application\ThePlant\Pipeline\Geometric\Source\ContentBase.cpp">
      <Filter>Source Files</Filter>
    </ClCompile>
    <ClCompile Include="D:\Coding\VisualStudios\Application\ThePlant\Pipeline\Geometric\Source\HierarchyComponent.cpp">
      <Filter>Source Files</Filter>
    </ClCompile>
    <ClCompile Include="D:\Coding\VisualStudios\Application\ThePlant\Pipeline\Geometric\Source\HierarchyTransform.cpp">
      <Filter>Source Files</Filter>
    </ClCompile>
    <ClCompile Include="D:\Coding\VisualStudios\Application\ThePlant\Pipeline\Geometric\Source\Node.cpp">
      <Filter>Source Files</Filter>
    </ClCompile>
    <ClCompile Include="D:\Coding\VisualStudios\Application\ThePlant\Pipeline\Geometric\Source\Scene.cpp">
      <Filter>Source Files</Filter>
    </ClCompile>
    <ClCompile Include="D:\Coding\VisualStudios\Application\ThePlant\Pipeline\Geometric\Source\World.cpp">
      <Filter>Source Files</Filter>
    </ClCompile>
    <ClCompile Include="D:\Coding\VisualStudios\Application\ThePlant\Pipeline\Input\Source\InputController.cpp">
      <Filter>Source Files</Filter>
    </ClCompile>
    <ClCompile Include="D:\Coding\VisualStudios\Application\ThePlant\Pipeline\Input\Source\InputDefs.cpp">
      <Filter>Source Files</Filter>
    </ClCompile>
    <ClCompile Include="D:\Coding\VisualStudios\Application\ThePlant\Pipeline\Input\Source\InputEvent.cpp">
      <Filter>Source Files</Filter>
    </ClCompile>
    <ClCompile Include="D:\Coding\VisualStudios\Application\ThePlant\Pipeline\Input\Source\InputManager.cpp">
      <Filter>Source Files</Filter>
    </ClCompile>
    <ClCompile Include="D:\Coding\VisualStudios\Application\ThePlant\Pipeline\Input\Source\InputReceiverBase.cpp">
      <Filter>Source Files</Filter>
    </ClCompile>
    <ClCompile Include="D:\Coding\VisualStudios\Application\ThePlant\Pipeline\Rendering\2D\Source\BoxRenderObject.cpp">
      <Filter>Source Files</Filter>
    </ClCompile>
    <ClCompile Include="D:\Coding\VisualStudios\Application\ThePlant\Pipeline\Rendering\2D\Source\CircleRenderObject.cpp">
      <Filter>Source Files</Filter>
    </ClCompile>
    <ClCompile Include="D:\Coding\VisualStudios\Application\ThePlant\Pipeline\Rendering\2D\Source\Image.cpp">
      <Filter>Source Files</Filter>
    </ClCompile>
    <ClCompile Include="D:\Coding\VisualStudios\Application\ThePlant\Pipeline\Rendering\2D\Source\Material.cpp">
      <Filter>Source Files</Filter>
    </ClCompile>
    <ClCompile Include="D:\Coding\VisualStudios\Application\ThePlant\Pipeline\Rendering\2D\Source\MaterialComponent.cpp">
      <Filter>Source Files</Filter>
    </ClCompile>
    <ClCompile Include="D:\Coding\VisualStudios\Application\ThePlant\Pipeline\Rendering\2D\Source\Sprite.cpp">
      <Filter>Source Files</Filter>
    </ClCompile>
    <ClCompile Include="D:\Coding\VisualStudios\Application\ThePlant\Pipeline\Rendering\2D\Source\Texture.cpp">
      <Filter>Source Files</Filter>
    </ClCompile>
    <ClCompile Include="D:\Coding\VisualStudios\Application\ThePlant\Pipeline\Rendering\3D\Source\AnimatedModel.cpp">
      <Filter>Source Files</Filter>
    </ClCompile>
    <ClCompile Include="D:\Coding\VisualStudios\Application\ThePlant\Pipeline\Rendering\3D\Source\Bone.cpp">
      <Filter>Source Files</Filter>
    </ClCompile>
    <ClCompile Include="D:\Coding\VisualStudios\Application\ThePlant\Pipeline\Rendering\3D\Source\CubeRenderObject.cpp">
      <Filter>Source Files</Filter>
    </ClCompile>
    <ClCompile Include="D:\Coding\VisualStudios\Application\ThePlant\Pipeline\Rendering\3D\Source\ModelBase.cpp">
      <Filter>Source Files</Filter>
    </ClCompile>
    <ClCompile Include="D:\Coding\VisualStudios\Application\ThePlant\Pipeline\Rendering\3D\Source\SimpleMeshBase.cpp">
      <Filter>Source Files</Filter>
    </ClCompile>
    <ClCompile Include="D:\Coding\VisualStudios\Application\ThePlant\Pipeline\Rendering\3D\Source\Skeleton.cpp">
      <Filter>Source Files</Filter>
    </ClCompile>
    <ClCompile Include="D:\Coding\VisualStudios\Application\ThePlant\Pipeline\Rendering\3D\Source\SkeletonComponent.cpp">
      <Filter>Source Files</Filter>
    </ClCompile>
    <ClCompile Include="D:\Coding\VisualStudios\Application\ThePlant\Pipeline\Rendering\3D\Source\SkinnedMeshBase.cpp">
      <Filter>Source Files</Filter>
    </ClCompile>
    <ClCompile Include="D:\Coding\VisualStudios\Application\ThePlant\Pipeline\Rendering\3D\Source\SphereRenderObject.cpp">
      <Filter>Source Files</Filter>
    </ClCompile>
    <ClCompile Include="D:\Coding\VisualStudios\Application\ThePlant\Pipeline\Rendering\3D\Source\VertexData.cpp">
      <Filter>Source Files</Filter>
    </ClCompile>
    <ClCompile Include="D:\Coding\VisualStudios\Application\ThePlant\Pipeline\Rendering\Animation\Source\KeyFrame.cpp">
      <Filter>Source Files</Filter>
    </ClCompile>
    <ClCompile Include="D:\Coding\VisualStudios\Application\ThePlant\Pipeline\Rendering\Animation\Source\Timeline.cpp">
      <Filter>Source Files</Filter>
    </ClCompile>
    <ClCompile Include="D:\Coding\VisualStudios\Application\ThePlant\Pipeline\Rendering\OpenGL\Source\GLArrayBuffer.cpp">
      <Filter>Source Files</Filter>
    </ClCompile>
    <ClCompile Include="D:\Coding\VisualStudios\Application\ThePlant\Pipeline\Rendering\OpenGL\Source\GLBuffer.cpp">
      <Filter>Source Files</Filter>
    </ClCompile>
    <ClCompile Include="D:\Coding\VisualStudios\Application\ThePlant\Pipeline\Rendering\OpenGL\Source\GLMappedBuffer.cpp">
      <Filter>Source Files</Filter>
    </ClCompile>
    <ClCompile Include="D:\Coding\VisualStudios\Application\ThePlant\Pipeline\Rendering\OpenGL\Source\GLObject.cpp">
      <Filter>Source Files</Filter>
    </ClCompile>
    <ClCompile Include="D:\Coding\VisualStudios\Application\ThePlant\Pipeline\Rendering\OpenGL\Source\GLShader.cpp">
      <Filter>Source Files</Filter>
    </ClCompile>
    <ClCompile Include="D:\Coding\VisualStudios\Application\ThePlant\Pipeline\Rendering\OpenGL\Source\GLShaderProgram.cpp">
      <Filter>Source Files</Filter>
    </ClCompile>
    <ClCompile Include="D:\Coding\VisualStudios\Application\ThePlant\Pipeline\Rendering\OpenGL\Source\ShaderUtils.cpp">
      <Filter>Source Files</Filter>
    </ClCompile>
    <ClCompile Include="D:\Coding\VisualStudios\Application\ThePlant\Pipeline\Rendering\Shaders\Source\DebugObjectShader.cpp">
      <Filter>Source Files</Filter>
    </ClCompile>
    <ClCompile Include="D:\Coding\VisualStudios\Application\ThePlant\Pipeline\Rendering\Shaders\Source\DebugVertexShader.cpp">
      <Filter>Source Files</Filter>
    </ClCompile>
    <ClCompile Include="D:\Coding\VisualStudios\Application\ThePlant\Pipeline\Rendering\Shaders\Source\FragmentShader.cpp">
      <Filter>Source Files</Filter>
    </ClCompile>
    <ClCompile Include="D:\Coding\VisualStudios\Application\ThePlant\Pipeline\Rendering\Shaders\Source\ObjectShader.cpp">
      <Filter>Source Files</Filter>
    </ClCompile>
    <ClCompile Include="D:\Coding\VisualStudios\Application\ThePlant\Pipeline\Rendering\Shaders\Source\ObjectShaderBase.cpp">
      <Filter>Source Files</Filter>
    </ClCompile>
    <ClCompile Include="D:\Coding\VisualStudios\Application\ThePlant\Pipeline\Rendering\Shaders\Source\ShaderBase.cpp">
      <Filter>Source Files</Filter>
    </ClCompile>
    <ClCompile Include="D:\Coding\VisualStudios\Application\ThePlant\Pipeline\Rendering\Shaders\Source\ShaderManager.cpp">
      <Filter>Source Files</Filter>
    </ClCompile>
    <ClCompile Include="D:\Coding\VisualStudios\Application\ThePlant\Pipeline\Rendering\Shaders\Source\SkinnedObjectShader.cpp">
      <Filter>Source Files</Filter>
    </ClCompile>
    <ClCompile Include="D:\Coding\VisualStudios\Application\ThePlant\Pipeline\Rendering\Shaders\Source\SkinnedVertexShader.cpp">
      <Filter>Source Files</Filter>
    </ClCompile>
    <ClCompile Include="D:\Coding\VisualStudios\Application\ThePlant\Pipeline\Rendering\Shaders\Source\VertexShader.cpp">
      <Filter>Source Files</Filter>
    </ClCompile>
    <ClCompile Include="D:\Coding\VisualStudios\Application\ThePlant\Pipeline\Rendering\Shaders\Shader_NEW.cpp">
      <Filter>Source Files</Filter>
    </ClCompile>
    <ClCompile Include="D:\Coding\VisualStudios\Application\ThePlant\Pipeline\Rendering\Source\Camera.cpp">
      <Filter>Source Files</Filter>
    </ClCompile>
    <ClCompile Include="D:\Coding\VisualStudios\Application\ThePlant\Pipeline\Rendering\Source\CameraComponent.cpp">
      <Filter>Source Files</Filter>
    </ClCompile>
    <ClCompile Include="D:\Coding\VisualStudios\Application\ThePlant\Pipeline\Rendering\Source\CameraManager.cpp">
      <Filter>Source Files</Filter>
    </ClCompile>
    <ClCompile Include="D:\Coding\VisualStudios\Application\ThePlant\Pipeline\Rendering\Source\CameraUtils.cpp">
      <Filter>Source Files</Filter>
    </ClCompile>
    <ClCompile Include="D:\Coding\VisualStudios\Application\ThePlant\Pipeline\Rendering\Source\Lights.cpp">
      <Filter>Source Files</Filter>
    </ClCompile>
    <ClCompile Include="D:\Coding\VisualStudios\Application\ThePlant\Pipeline\Rendering\Source\MaterialManager.cpp">
      <Filter>Source Files</Filter>
    </ClCompile>
    <ClCompile Include="D:\Coding\VisualStudios\Application\ThePlant\Pipeline\Rendering\Source\RenderComponent.cpp">
      <Filter>Source Files</Filter>
    </ClCompile>
    <ClCompile Include="D:\Coding\VisualStudios\Application\ThePlant\Pipeline\Rendering\Source\Renderer.cpp">
      <Filter>Source Files</Filter>
    </ClCompile>
    <ClCompile Include="D:\Coding\VisualStudios\Application\ThePlant\Pipeline\Rendering\Source\RenderManager.cpp">
      <Filter>Source Files</Filter>
    </ClCompile>
    <ClCompile Include="D:\Coding\VisualStudios\Application\ThePlant\Pipeline\Rendering\Source\RenderObjectBase.cpp">
      <Filter>Source Files</Filter>
    </ClCompile>
    <ClCompile Include="D:\Coding\VisualStudios\Application\ThePlant\Pipeline\Rendering\Source\RenderObjectManager.cpp">
      <Filter>Source Files</Filter>
    </ClCompile>
    <ClCompile Include="D:\Coding\VisualStudios\Application\ThePlant\Pipeline\Rendering\Source\SingleCameraManager.cpp">
      <Filter>Source Files</Filter>
    </ClCompile>
    <ClCompile Include="D:\Coding\VisualStudios\Application\ThePlant\Pipeline\Rendering\Material_NEW.cpp">
      <Filter>Source Files</Filter>
    </ClCompile>
    <ClCompile Include="D:\Coding\VisualStudios\Application\ThePlant\Pipeline\Rendering\Mesh_NEW.cpp">
      <Filter>Source Files</Filter>
    </ClCompile>
    <ClCompile Include="D:\Coding\VisualStudios\Application\ThePlant\Pipeline\Rendering\Renderer_NEW.cpp">
      <Filter>Source Files</Filter>
    </ClCompile>
    <ClCompile Include="D:\Coding\VisualStudios\Application\ThePlant\Pipeline\Source\ApplicationManager.cpp">
      <Filter>Source Files</Filter>
    </ClCompile>
    <ClCompile Include="D:\Coding\VisualStudios\Application\ThePlant\Pipeline\Source\GLContextManager.cpp">
      <Filter>Source Files</Filter>
    </ClCompile>
    <ClCompile Include="D:\Coding\VisualStudios\Application\ThePlant\Pipeline\Source\SDL2Manager.cpp">
      <Filter>Source Files</Filter>
    </ClCompile>
    <ClCompile Include="D:\Coding\VisualStudios\Application\ThePlant\Pipeline\Source\WindowManager.cpp">
      <Filter>Source Files</Filter>
    </ClCompile>
    <ClCompile Include="D:\Coding\VisualStudios\Application\ThePlant\Pipeline\StateSystem\Source\State.cpp">
      <Filter>Source Files</Filter>
    </ClCompile>
    <ClCompile Include="D:\Coding\VisualStudios\Application\ThePlant\Pipeline\StateSystem\Source\StateManager.cpp">
      <Filter>Source Files</Filter>
    </ClCompile>
    <ClCompile Include="D:\Coding\VisualStudios\Application\ThePlant\Pipeline\Time\Source\TimeManager.cpp">
      <Filter>Source Files</Filter>
    </ClCompile>
    <ClCompile Include="D:\Coding\VisualStudios\Application\ThePlant\Pipeline\UI\IMGUI\IMGUIManager.cpp">
      <Filter>Source Files</Filter>
    </ClCompile>
  </ItemGroup>
  <ItemGroup>
    <CustomBuild Include="D:\Coding\VisualStudios\Application\ThePlant\Pipeline\CMakeLists.txt" />
  </ItemGroup>
  <ItemGroup>
    <Filter Include="Source Files">
      <UniqueIdentifier>{0951B98B-49E2-345B-BE76-B73811431D4D}</UniqueIdentifier>
    </Filter>
  </ItemGroup>
</Project>
