
Microsoft Visual Studio Solution File, Format Version 12.00
# Visual Studio 15
Project("{8BC9CEB8-8B4A-11D0-8D11-00A0C91BC942}") = "ALL_BUILD", "ALL_BUILD.vcxproj", "{91EBFA07-6B2F-3104-8DF9-56D1084C19D6}"
	ProjectSection(ProjectDependencies) = postProject
		{30051DBA-3CD5-3F9C-BFE2-485D725CE589} = {30051DBA-3CD5-3F9C-BFE2-485D725CE589}
		{D7541FD3-6F82-3F31-8EA2-B494F6E55E4A} = {D7541FD3-6F82-3F31-8EA2-B494F6E55E4A}
		{C74746A9-70FE-3187-9F55-90650F7AB44B} = {C74746A9-70FE-3187-9F55-90650F7AB44B}
		{AB3DA3D6-B279-35A2-B72D-4E3C214AE9A3} = {AB3DA3D6-B279-35A2-B72D-4E3C214AE9A3}
		{1AD4E25E-DE64-361D-9798-692B2055FD67} = {1AD4E25E-DE64-361D-9798-692B2055FD67}
		{1BE8D40B-F15F-3F3C-87B7-6DF47CC0E549} = {1BE8D40B-F15F-3F3C-87B7-6DF47CC0E549}
		{C7CA995C-8524-3325-86B5-4FC4626998BE} = {C7CA995C-8524-3325-86B5-4FC4626998BE}
	EndProjectSection
EndProject
Project("{8BC9CEB8-8B4A-11D0-8D11-00A0C91BC942}") = "ApplicationManagement", "Application\ApplicationManagement\ApplicationManagement.vcxproj", "{30051DBA-3CD5-3F9C-BFE2-485D725CE589}"
	ProjectSection(ProjectDependencies) = postProject
		{D7541FD3-6F82-3F31-8EA2-B494F6E55E4A} = {D7541FD3-6F82-3F31-8EA2-B494F6E55E4A}
		{C74746A9-70FE-3187-9F55-90650F7AB44B} = {C74746A9-70FE-3187-9F55-90650F7AB44B}
		{1BE8D40B-F15F-3F3C-87B7-6DF47CC0E549} = {1BE8D40B-F15F-3F3C-87B7-6DF47CC0E549}
	EndProjectSection
EndProject
Project("{8BC9CEB8-8B4A-11D0-8D11-00A0C91BC942}") = "Core", "Application\Core\Core.vcxproj", "{D7541FD3-6F82-3F31-8EA2-B494F6E55E4A}"
	ProjectSection(ProjectDependencies) = postProject
		{1BE8D40B-F15F-3F3C-87B7-6DF47CC0E549} = {1BE8D40B-F15F-3F3C-87B7-6DF47CC0E549}
	EndProjectSection
EndProject
Project("{8BC9CEB8-8B4A-11D0-8D11-00A0C91BC942}") = "Data", "Application\Data\Data.vcxproj", "{C74746A9-70FE-3187-9F55-90650F7AB44B}"
	ProjectSection(ProjectDependencies) = postProject
		{D7541FD3-6F82-3F31-8EA2-B494F6E55E4A} = {D7541FD3-6F82-3F31-8EA2-B494F6E55E4A}
		{1BE8D40B-F15F-3F3C-87B7-6DF47CC0E549} = {1BE8D40B-F15F-3F3C-87B7-6DF47CC0E549}
	EndProjectSection
EndProject
Project("{8BC9CEB8-8B4A-11D0-8D11-00A0C91BC942}") = "INSTALL", "INSTALL.vcxproj", "{33566BA6-F4D8-34B1-9E39-7ABBF30469E3}"
	ProjectSection(ProjectDependencies) = postProject
		{91EBFA07-6B2F-3104-8DF9-56D1084C19D6} = {91EBFA07-6B2F-3104-8DF9-56D1084C19D6}
		{1BE8D40B-F15F-3F3C-87B7-6DF47CC0E549} = {1BE8D40B-F15F-3F3C-87B7-6DF47CC0E549}
	EndProjectSection
EndProject
Project("{8BC9CEB8-8B4A-11D0-8D11-00A0C91BC942}") = "SDL2-static", "Application\Dependencies\SDL2-2.0.14\SDL2-static.vcxproj", "{AB3DA3D6-B279-35A2-B72D-4E3C214AE9A3}"
	ProjectSection(ProjectDependencies) = postProject
		{1BE8D40B-F15F-3F3C-87B7-6DF47CC0E549} = {1BE8D40B-F15F-3F3C-87B7-6DF47CC0E549}
	EndProjectSection
EndProject
Project("{8BC9CEB8-8B4A-11D0-8D11-00A0C91BC942}") = "SDL2main", "Application\Dependencies\SDL2-2.0.14\SDL2main.vcxproj", "{1AD4E25E-DE64-361D-9798-692B2055FD67}"
	ProjectSection(ProjectDependencies) = postProject
		{1BE8D40B-F15F-3F3C-87B7-6DF47CC0E549} = {1BE8D40B-F15F-3F3C-87B7-6DF47CC0E549}
	EndProjectSection
EndProject
Project("{8BC9CEB8-8B4A-11D0-8D11-00A0C91BC942}") = "ZERO_CHECK", "ZERO_CHECK.vcxproj", "{1BE8D40B-F15F-3F3C-87B7-6DF47CC0E549}"
	ProjectSection(ProjectDependencies) = postProject
	EndProjectSection
EndProject
Project("{8BC9CEB8-8B4A-11D0-8D11-00A0C91BC942}") = "default_application", "Application\default_application.vcxproj", "{C7CA995C-8524-3325-86B5-4FC4626998BE}"
	ProjectSection(ProjectDependencies) = postProject
		{30051DBA-3CD5-3F9C-BFE2-485D725CE589} = {30051DBA-3CD5-3F9C-BFE2-485D725CE589}
		{D7541FD3-6F82-3F31-8EA2-B494F6E55E4A} = {D7541FD3-6F82-3F31-8EA2-B494F6E55E4A}
		{C74746A9-70FE-3187-9F55-90650F7AB44B} = {C74746A9-70FE-3187-9F55-90650F7AB44B}
		{AB3DA3D6-B279-35A2-B72D-4E3C214AE9A3} = {AB3DA3D6-B279-35A2-B72D-4E3C214AE9A3}
		{1AD4E25E-DE64-361D-9798-692B2055FD67} = {1AD4E25E-DE64-361D-9798-692B2055FD67}
		{1BE8D40B-F15F-3F3C-87B7-6DF47CC0E549} = {1BE8D40B-F15F-3F3C-87B7-6DF47CC0E549}
	EndProjectSection
EndProject
Project("{8BC9CEB8-8B4A-11D0-8D11-00A0C91BC942}") = "uninstall", "Application\Dependencies\SDL2-2.0.14\uninstall.vcxproj", "{1632AFB9-15EF-3143-8119-7DC9DB088F52}"
	ProjectSection(ProjectDependencies) = postProject
		{1BE8D40B-F15F-3F3C-87B7-6DF47CC0E549} = {1BE8D40B-F15F-3F3C-87B7-6DF47CC0E549}
	EndProjectSection
EndProject
Global
	GlobalSection(SolutionConfigurationPlatforms) = preSolution
		Debug|Win32 = Debug|Win32
		Release|Win32 = Release|Win32
		MinSizeRel|Win32 = MinSizeRel|Win32
		RelWithDebInfo|Win32 = RelWithDebInfo|Win32
	EndGlobalSection
	GlobalSection(ProjectConfigurationPlatforms) = postSolution
		{91EBFA07-6B2F-3104-8DF9-56D1084C19D6}.Debug|Win32.ActiveCfg = Debug|Win32
		{91EBFA07-6B2F-3104-8DF9-56D1084C19D6}.Debug|Win32.Build.0 = Debug|Win32
		{91EBFA07-6B2F-3104-8DF9-56D1084C19D6}.Release|Win32.ActiveCfg = Release|Win32
		{91EBFA07-6B2F-3104-8DF9-56D1084C19D6}.Release|Win32.Build.0 = Release|Win32
		{91EBFA07-6B2F-3104-8DF9-56D1084C19D6}.MinSizeRel|Win32.ActiveCfg = MinSizeRel|Win32
		{91EBFA07-6B2F-3104-8DF9-56D1084C19D6}.MinSizeRel|Win32.Build.0 = MinSizeRel|Win32
		{91EBFA07-6B2F-3104-8DF9-56D1084C19D6}.RelWithDebInfo|Win32.ActiveCfg = RelWithDebInfo|Win32
		{91EBFA07-6B2F-3104-8DF9-56D1084C19D6}.RelWithDebInfo|Win32.Build.0 = RelWithDebInfo|Win32
		{30051DBA-3CD5-3F9C-BFE2-485D725CE589}.Debug|Win32.ActiveCfg = Debug|Win32
		{30051DBA-3CD5-3F9C-BFE2-485D725CE589}.Debug|Win32.Build.0 = Debug|Win32
		{30051DBA-3CD5-3F9C-BFE2-485D725CE589}.Release|Win32.ActiveCfg = Release|Win32
		{30051DBA-3CD5-3F9C-BFE2-485D725CE589}.Release|Win32.Build.0 = Release|Win32
		{30051DBA-3CD5-3F9C-BFE2-485D725CE589}.MinSizeRel|Win32.ActiveCfg = MinSizeRel|Win32
		{30051DBA-3CD5-3F9C-BFE2-485D725CE589}.MinSizeRel|Win32.Build.0 = MinSizeRel|Win32
		{30051DBA-3CD5-3F9C-BFE2-485D725CE589}.RelWithDebInfo|Win32.ActiveCfg = RelWithDebInfo|Win32
		{30051DBA-3CD5-3F9C-BFE2-485D725CE589}.RelWithDebInfo|Win32.Build.0 = RelWithDebInfo|Win32
		{D7541FD3-6F82-3F31-8EA2-B494F6E55E4A}.Debug|Win32.ActiveCfg = Debug|Win32
		{D7541FD3-6F82-3F31-8EA2-B494F6E55E4A}.Debug|Win32.Build.0 = Debug|Win32
		{D7541FD3-6F82-3F31-8EA2-B494F6E55E4A}.Release|Win32.ActiveCfg = Release|Win32
		{D7541FD3-6F82-3F31-8EA2-B494F6E55E4A}.Release|Win32.Build.0 = Release|Win32
		{D7541FD3-6F82-3F31-8EA2-B494F6E55E4A}.MinSizeRel|Win32.ActiveCfg = MinSizeRel|Win32
		{D7541FD3-6F82-3F31-8EA2-B494F6E55E4A}.MinSizeRel|Win32.Build.0 = MinSizeRel|Win32
		{D7541FD3-6F82-3F31-8EA2-B494F6E55E4A}.RelWithDebInfo|Win32.ActiveCfg = RelWithDebInfo|Win32
		{D7541FD3-6F82-3F31-8EA2-B494F6E55E4A}.RelWithDebInfo|Win32.Build.0 = RelWithDebInfo|Win32
		{C74746A9-70FE-3187-9F55-90650F7AB44B}.Debug|Win32.ActiveCfg = Debug|Win32
		{C74746A9-70FE-3187-9F55-90650F7AB44B}.Debug|Win32.Build.0 = Debug|Win32
		{C74746A9-70FE-3187-9F55-90650F7AB44B}.Release|Win32.ActiveCfg = Release|Win32
		{C74746A9-70FE-3187-9F55-90650F7AB44B}.Release|Win32.Build.0 = Release|Win32
		{C74746A9-70FE-3187-9F55-90650F7AB44B}.MinSizeRel|Win32.ActiveCfg = MinSizeRel|Win32
		{C74746A9-70FE-3187-9F55-90650F7AB44B}.MinSizeRel|Win32.Build.0 = MinSizeRel|Win32
		{C74746A9-70FE-3187-9F55-90650F7AB44B}.RelWithDebInfo|Win32.ActiveCfg = RelWithDebInfo|Win32
		{C74746A9-70FE-3187-9F55-90650F7AB44B}.RelWithDebInfo|Win32.Build.0 = RelWithDebInfo|Win32
		{33566BA6-F4D8-34B1-9E39-7ABBF30469E3}.Debug|Win32.ActiveCfg = Debug|Win32
		{33566BA6-F4D8-34B1-9E39-7ABBF30469E3}.Release|Win32.ActiveCfg = Release|Win32
		{33566BA6-F4D8-34B1-9E39-7ABBF30469E3}.MinSizeRel|Win32.ActiveCfg = MinSizeRel|Win32
		{33566BA6-F4D8-34B1-9E39-7ABBF30469E3}.RelWithDebInfo|Win32.ActiveCfg = RelWithDebInfo|Win32
		{AB3DA3D6-B279-35A2-B72D-4E3C214AE9A3}.Debug|Win32.ActiveCfg = Debug|Win32
		{AB3DA3D6-B279-35A2-B72D-4E3C214AE9A3}.Debug|Win32.Build.0 = Debug|Win32
		{AB3DA3D6-B279-35A2-B72D-4E3C214AE9A3}.Release|Win32.ActiveCfg = Release|Win32
		{AB3DA3D6-B279-35A2-B72D-4E3C214AE9A3}.Release|Win32.Build.0 = Release|Win32
		{AB3DA3D6-B279-35A2-B72D-4E3C214AE9A3}.MinSizeRel|Win32.ActiveCfg = MinSizeRel|Win32
		{AB3DA3D6-B279-35A2-B72D-4E3C214AE9A3}.MinSizeRel|Win32.Build.0 = MinSizeRel|Win32
		{AB3DA3D6-B279-35A2-B72D-4E3C214AE9A3}.RelWithDebInfo|Win32.ActiveCfg = RelWithDebInfo|Win32
		{AB3DA3D6-B279-35A2-B72D-4E3C214AE9A3}.RelWithDebInfo|Win32.Build.0 = RelWithDebInfo|Win32
		{1AD4E25E-DE64-361D-9798-692B2055FD67}.Debug|Win32.ActiveCfg = Debug|Win32
		{1AD4E25E-DE64-361D-9798-692B2055FD67}.Debug|Win32.Build.0 = Debug|Win32
		{1AD4E25E-DE64-361D-9798-692B2055FD67}.Release|Win32.ActiveCfg = Release|Win32
		{1AD4E25E-DE64-361D-9798-692B2055FD67}.Release|Win32.Build.0 = Release|Win32
		{1AD4E25E-DE64-361D-9798-692B2055FD67}.MinSizeRel|Win32.ActiveCfg = MinSizeRel|Win32
		{1AD4E25E-DE64-361D-9798-692B2055FD67}.MinSizeRel|Win32.Build.0 = MinSizeRel|Win32
		{1AD4E25E-DE64-361D-9798-692B2055FD67}.RelWithDebInfo|Win32.ActiveCfg = RelWithDebInfo|Win32
		{1AD4E25E-DE64-361D-9798-692B2055FD67}.RelWithDebInfo|Win32.Build.0 = RelWithDebInfo|Win32
		{1BE8D40B-F15F-3F3C-87B7-6DF47CC0E549}.Debug|Win32.ActiveCfg = Debug|Win32
		{1BE8D40B-F15F-3F3C-87B7-6DF47CC0E549}.Debug|Win32.Build.0 = Debug|Win32
		{1BE8D40B-F15F-3F3C-87B7-6DF47CC0E549}.Release|Win32.ActiveCfg = Release|Win32
		{1BE8D40B-F15F-3F3C-87B7-6DF47CC0E549}.Release|Win32.Build.0 = Release|Win32
		{1BE8D40B-F15F-3F3C-87B7-6DF47CC0E549}.MinSizeRel|Win32.ActiveCfg = MinSizeRel|Win32
		{1BE8D40B-F15F-3F3C-87B7-6DF47CC0E549}.MinSizeRel|Win32.Build.0 = MinSizeRel|Win32
		{1BE8D40B-F15F-3F3C-87B7-6DF47CC0E549}.RelWithDebInfo|Win32.ActiveCfg = RelWithDebInfo|Win32
		{1BE8D40B-F15F-3F3C-87B7-6DF47CC0E549}.RelWithDebInfo|Win32.Build.0 = RelWithDebInfo|Win32
		{C7CA995C-8524-3325-86B5-4FC4626998BE}.Debug|Win32.ActiveCfg = Debug|Win32
		{C7CA995C-8524-3325-86B5-4FC4626998BE}.Debug|Win32.Build.0 = Debug|Win32
		{C7CA995C-8524-3325-86B5-4FC4626998BE}.Release|Win32.ActiveCfg = Release|Win32
		{C7CA995C-8524-3325-86B5-4FC4626998BE}.Release|Win32.Build.0 = Release|Win32
		{C7CA995C-8524-3325-86B5-4FC4626998BE}.MinSizeRel|Win32.ActiveCfg = MinSizeRel|Win32
		{C7CA995C-8524-3325-86B5-4FC4626998BE}.MinSizeRel|Win32.Build.0 = MinSizeRel|Win32
		{C7CA995C-8524-3325-86B5-4FC4626998BE}.RelWithDebInfo|Win32.ActiveCfg = RelWithDebInfo|Win32
		{C7CA995C-8524-3325-86B5-4FC4626998BE}.RelWithDebInfo|Win32.Build.0 = RelWithDebInfo|Win32
		{1632AFB9-15EF-3143-8119-7DC9DB088F52}.Debug|Win32.ActiveCfg = Debug|Win32
		{1632AFB9-15EF-3143-8119-7DC9DB088F52}.Release|Win32.ActiveCfg = Release|Win32
		{1632AFB9-15EF-3143-8119-7DC9DB088F52}.MinSizeRel|Win32.ActiveCfg = MinSizeRel|Win32
		{1632AFB9-15EF-3143-8119-7DC9DB088F52}.RelWithDebInfo|Win32.ActiveCfg = RelWithDebInfo|Win32
	EndGlobalSection
	GlobalSection(ExtensibilityGlobals) = postSolution
		SolutionGuid = {789A9D35-58BF-347E-AC53-FB85E3F15FD0}
	EndGlobalSection
	GlobalSection(ExtensibilityAddIns) = postSolution
	EndGlobalSection
EndGlobal
