
Microsoft Visual Studio Solution File, Format Version 12.00
# Visual Studio Version 16
Project("{8BC9CEB8-8B4A-11D0-8D11-00A0C91BC942}") = "ALL_BUILD", "ALL_BUILD.vcxproj", "{91EBFA07-6B2F-3104-8DF9-56D1084C19D6}"
	ProjectSection(ProjectDependencies) = postProject
		{0970390E-AAB6-3B76-A5EF-D6CBC0D798ED} = {0970390E-AAB6-3B76-A5EF-D6CBC0D798ED}
		{5C08DD83-AF7E-34C8-BF27-63524202B659} = {5C08DD83-AF7E-34C8-BF27-63524202B659}
		{A0C1B546-4627-3A7B-8413-2DFD19E361F7} = {A0C1B546-4627-3A7B-8413-2DFD19E361F7}
		{2732429F-DF03-3A14-B057-96E3142A58E8} = {2732429F-DF03-3A14-B057-96E3142A58E8}
		{EBE1EE41-16D9-3C0B-8F3B-76EABC58DADF} = {EBE1EE41-16D9-3C0B-8F3B-76EABC58DADF}
		{987A11D5-009A-3C4C-97B1-B434565DB856} = {987A11D5-009A-3C4C-97B1-B434565DB856}
		{D15B5F68-7D38-30CF-B509-B6843E86521F} = {D15B5F68-7D38-30CF-B509-B6843E86521F}
		{AF608650-4D79-3697-9754-5F027A549C6A} = {AF608650-4D79-3697-9754-5F027A549C6A}
		{21162D5B-8BF3-30E4-8D6F-FD4351A9BE25} = {21162D5B-8BF3-30E4-8D6F-FD4351A9BE25}
		{0BCAADCC-D959-3B94-99B0-F52ABF7E9073} = {0BCAADCC-D959-3B94-99B0-F52ABF7E9073}
		{AB3DA3D6-B279-35A2-B72D-4E3C214AE9A3} = {AB3DA3D6-B279-35A2-B72D-4E3C214AE9A3}
		{1AD4E25E-DE64-361D-9798-692B2055FD67} = {1AD4E25E-DE64-361D-9798-692B2055FD67}
		{71800C4E-D6ED-3C63-9633-B65D0AFF6B91} = {71800C4E-D6ED-3C63-9633-B65D0AFF6B91}
		{F9AB04CC-C913-3767-95CF-B7BCE14321E3} = {F9AB04CC-C913-3767-95CF-B7BCE14321E3}
		{1BE8D40B-F15F-3F3C-87B7-6DF47CC0E549} = {1BE8D40B-F15F-3F3C-87B7-6DF47CC0E549}
		{202D408E-D930-332E-8E27-DDE176D231EE} = {202D408E-D930-332E-8E27-DDE176D231EE}
		{7AF3B122-2D3D-3FAD-8FE3-A328C8C309FE} = {7AF3B122-2D3D-3FAD-8FE3-A328C8C309FE}
		{A6BABECD-D559-39DA-86DD-78A8508FEC4A} = {A6BABECD-D559-39DA-86DD-78A8508FEC4A}
		{41B95C2E-EBF1-3930-9968-13A44CCCDF0A} = {41B95C2E-EBF1-3930-9968-13A44CCCDF0A}
		{113721F3-8A26-3336-B63F-BD4B186F6178} = {113721F3-8A26-3336-B63F-BD4B186F6178}
		{7D8CFB9F-0A4D-368E-BF40-75EAFB43F39F} = {7D8CFB9F-0A4D-368E-BF40-75EAFB43F39F}
		{4B362ABA-2477-35CB-A81A-1AC66D417B52} = {4B362ABA-2477-35CB-A81A-1AC66D417B52}
		{4F267AE5-6211-3642-ADDE-6A7E74A1A5D8} = {4F267AE5-6211-3642-ADDE-6A7E74A1A5D8}
	EndProjectSection
EndProject
Project("{8BC9CEB8-8B4A-11D0-8D11-00A0C91BC942}") = "Core_Lib", "ThePlant\Materials\Core\Core_Lib.vcxproj", "{0970390E-AAB6-3B76-A5EF-D6CBC0D798ED}"
	ProjectSection(ProjectDependencies) = postProject
		{1BE8D40B-F15F-3F3C-87B7-6DF47CC0E549} = {1BE8D40B-F15F-3F3C-87B7-6DF47CC0E549}
	EndProjectSection
EndProject
Project("{8BC9CEB8-8B4A-11D0-8D11-00A0C91BC942}") = "Data_Lib", "ThePlant\Materials\Data\Data_Lib.vcxproj", "{5C08DD83-AF7E-34C8-BF27-63524202B659}"
	ProjectSection(ProjectDependencies) = postProject
		{0970390E-AAB6-3B76-A5EF-D6CBC0D798ED} = {0970390E-AAB6-3B76-A5EF-D6CBC0D798ED}
		{1BE8D40B-F15F-3F3C-87B7-6DF47CC0E549} = {1BE8D40B-F15F-3F3C-87B7-6DF47CC0E549}
	EndProjectSection
EndProject
Project("{8BC9CEB8-8B4A-11D0-8D11-00A0C91BC942}") = "Factory", "ThePlant\Factory.vcxproj", "{A0C1B546-4627-3A7B-8413-2DFD19E361F7}"
	ProjectSection(ProjectDependencies) = postProject
		{0970390E-AAB6-3B76-A5EF-D6CBC0D798ED} = {0970390E-AAB6-3B76-A5EF-D6CBC0D798ED}
		{5C08DD83-AF7E-34C8-BF27-63524202B659} = {5C08DD83-AF7E-34C8-BF27-63524202B659}
		{2732429F-DF03-3A14-B057-96E3142A58E8} = {2732429F-DF03-3A14-B057-96E3142A58E8}
		{EBE1EE41-16D9-3C0B-8F3B-76EABC58DADF} = {EBE1EE41-16D9-3C0B-8F3B-76EABC58DADF}
		{987A11D5-009A-3C4C-97B1-B434565DB856} = {987A11D5-009A-3C4C-97B1-B434565DB856}
		{AF608650-4D79-3697-9754-5F027A549C6A} = {AF608650-4D79-3697-9754-5F027A549C6A}
		{AB3DA3D6-B279-35A2-B72D-4E3C214AE9A3} = {AB3DA3D6-B279-35A2-B72D-4E3C214AE9A3}
		{1AD4E25E-DE64-361D-9798-692B2055FD67} = {1AD4E25E-DE64-361D-9798-692B2055FD67}
		{71800C4E-D6ED-3C63-9633-B65D0AFF6B91} = {71800C4E-D6ED-3C63-9633-B65D0AFF6B91}
		{1BE8D40B-F15F-3F3C-87B7-6DF47CC0E549} = {1BE8D40B-F15F-3F3C-87B7-6DF47CC0E549}
		{202D408E-D930-332E-8E27-DDE176D231EE} = {202D408E-D930-332E-8E27-DDE176D231EE}
		{41B95C2E-EBF1-3930-9968-13A44CCCDF0A} = {41B95C2E-EBF1-3930-9968-13A44CCCDF0A}
		{113721F3-8A26-3336-B63F-BD4B186F6178} = {113721F3-8A26-3336-B63F-BD4B186F6178}
		{4F267AE5-6211-3642-ADDE-6A7E74A1A5D8} = {4F267AE5-6211-3642-ADDE-6A7E74A1A5D8}
	EndProjectSection
EndProject
Project("{8BC9CEB8-8B4A-11D0-8D11-00A0C91BC942}") = "Factory_Lib", "ThePlant\Factory\Factory_Lib.vcxproj", "{2732429F-DF03-3A14-B057-96E3142A58E8}"
	ProjectSection(ProjectDependencies) = postProject
		{0970390E-AAB6-3B76-A5EF-D6CBC0D798ED} = {0970390E-AAB6-3B76-A5EF-D6CBC0D798ED}
		{5C08DD83-AF7E-34C8-BF27-63524202B659} = {5C08DD83-AF7E-34C8-BF27-63524202B659}
		{EBE1EE41-16D9-3C0B-8F3B-76EABC58DADF} = {EBE1EE41-16D9-3C0B-8F3B-76EABC58DADF}
		{987A11D5-009A-3C4C-97B1-B434565DB856} = {987A11D5-009A-3C4C-97B1-B434565DB856}
		{AF608650-4D79-3697-9754-5F027A549C6A} = {AF608650-4D79-3697-9754-5F027A549C6A}
		{AB3DA3D6-B279-35A2-B72D-4E3C214AE9A3} = {AB3DA3D6-B279-35A2-B72D-4E3C214AE9A3}
		{1AD4E25E-DE64-361D-9798-692B2055FD67} = {1AD4E25E-DE64-361D-9798-692B2055FD67}
		{71800C4E-D6ED-3C63-9633-B65D0AFF6B91} = {71800C4E-D6ED-3C63-9633-B65D0AFF6B91}
		{1BE8D40B-F15F-3F3C-87B7-6DF47CC0E549} = {1BE8D40B-F15F-3F3C-87B7-6DF47CC0E549}
		{202D408E-D930-332E-8E27-DDE176D231EE} = {202D408E-D930-332E-8E27-DDE176D231EE}
		{41B95C2E-EBF1-3930-9968-13A44CCCDF0A} = {41B95C2E-EBF1-3930-9968-13A44CCCDF0A}
		{113721F3-8A26-3336-B63F-BD4B186F6178} = {113721F3-8A26-3336-B63F-BD4B186F6178}
		{4F267AE5-6211-3642-ADDE-6A7E74A1A5D8} = {4F267AE5-6211-3642-ADDE-6A7E74A1A5D8}
	EndProjectSection
EndProject
Project("{8BC9CEB8-8B4A-11D0-8D11-00A0C91BC942}") = "IMGUI_Lib", "ThePlant\Pipeline\Dependencies\IMGUI\IMGUI_Lib.vcxproj", "{EBE1EE41-16D9-3C0B-8F3B-76EABC58DADF}"
	ProjectSection(ProjectDependencies) = postProject
		{0970390E-AAB6-3B76-A5EF-D6CBC0D798ED} = {0970390E-AAB6-3B76-A5EF-D6CBC0D798ED}
		{5C08DD83-AF7E-34C8-BF27-63524202B659} = {5C08DD83-AF7E-34C8-BF27-63524202B659}
		{AB3DA3D6-B279-35A2-B72D-4E3C214AE9A3} = {AB3DA3D6-B279-35A2-B72D-4E3C214AE9A3}
		{1AD4E25E-DE64-361D-9798-692B2055FD67} = {1AD4E25E-DE64-361D-9798-692B2055FD67}
		{1BE8D40B-F15F-3F3C-87B7-6DF47CC0E549} = {1BE8D40B-F15F-3F3C-87B7-6DF47CC0E549}
		{41B95C2E-EBF1-3930-9968-13A44CCCDF0A} = {41B95C2E-EBF1-3930-9968-13A44CCCDF0A}
	EndProjectSection
EndProject
Project("{8BC9CEB8-8B4A-11D0-8D11-00A0C91BC942}") = "INSTALL", "INSTALL.vcxproj", "{33566BA6-F4D8-34B1-9E39-7ABBF30469E3}"
	ProjectSection(ProjectDependencies) = postProject
		{91EBFA07-6B2F-3104-8DF9-56D1084C19D6} = {91EBFA07-6B2F-3104-8DF9-56D1084C19D6}
		{1BE8D40B-F15F-3F3C-87B7-6DF47CC0E549} = {1BE8D40B-F15F-3F3C-87B7-6DF47CC0E549}
	EndProjectSection
EndProject
Project("{8BC9CEB8-8B4A-11D0-8D11-00A0C91BC942}") = "IrrXML", "ThePlant\Factory\Workers\assimp-5.0.1\contrib\irrXML\IrrXML.vcxproj", "{987A11D5-009A-3C4C-97B1-B434565DB856}"
	ProjectSection(ProjectDependencies) = postProject
		{1BE8D40B-F15F-3F3C-87B7-6DF47CC0E549} = {1BE8D40B-F15F-3F3C-87B7-6DF47CC0E549}
	EndProjectSection
EndProject
Project("{8BC9CEB8-8B4A-11D0-8D11-00A0C91BC942}") = "Pipeline", "ThePlant\Pipeline.vcxproj", "{D15B5F68-7D38-30CF-B509-B6843E86521F}"
	ProjectSection(ProjectDependencies) = postProject
		{0970390E-AAB6-3B76-A5EF-D6CBC0D798ED} = {0970390E-AAB6-3B76-A5EF-D6CBC0D798ED}
		{5C08DD83-AF7E-34C8-BF27-63524202B659} = {5C08DD83-AF7E-34C8-BF27-63524202B659}
		{EBE1EE41-16D9-3C0B-8F3B-76EABC58DADF} = {EBE1EE41-16D9-3C0B-8F3B-76EABC58DADF}
		{AF608650-4D79-3697-9754-5F027A549C6A} = {AF608650-4D79-3697-9754-5F027A549C6A}
		{AB3DA3D6-B279-35A2-B72D-4E3C214AE9A3} = {AB3DA3D6-B279-35A2-B72D-4E3C214AE9A3}
		{1AD4E25E-DE64-361D-9798-692B2055FD67} = {1AD4E25E-DE64-361D-9798-692B2055FD67}
		{1BE8D40B-F15F-3F3C-87B7-6DF47CC0E549} = {1BE8D40B-F15F-3F3C-87B7-6DF47CC0E549}
		{41B95C2E-EBF1-3930-9968-13A44CCCDF0A} = {41B95C2E-EBF1-3930-9968-13A44CCCDF0A}
	EndProjectSection
EndProject
Project("{8BC9CEB8-8B4A-11D0-8D11-00A0C91BC942}") = "Pipeline_Lib", "ThePlant\Pipeline\Pipeline_Lib.vcxproj", "{AF608650-4D79-3697-9754-5F027A549C6A}"
	ProjectSection(ProjectDependencies) = postProject
		{0970390E-AAB6-3B76-A5EF-D6CBC0D798ED} = {0970390E-AAB6-3B76-A5EF-D6CBC0D798ED}
		{5C08DD83-AF7E-34C8-BF27-63524202B659} = {5C08DD83-AF7E-34C8-BF27-63524202B659}
		{EBE1EE41-16D9-3C0B-8F3B-76EABC58DADF} = {EBE1EE41-16D9-3C0B-8F3B-76EABC58DADF}
		{AB3DA3D6-B279-35A2-B72D-4E3C214AE9A3} = {AB3DA3D6-B279-35A2-B72D-4E3C214AE9A3}
		{1AD4E25E-DE64-361D-9798-692B2055FD67} = {1AD4E25E-DE64-361D-9798-692B2055FD67}
		{1BE8D40B-F15F-3F3C-87B7-6DF47CC0E549} = {1BE8D40B-F15F-3F3C-87B7-6DF47CC0E549}
		{41B95C2E-EBF1-3930-9968-13A44CCCDF0A} = {41B95C2E-EBF1-3930-9968-13A44CCCDF0A}
	EndProjectSection
EndProject
Project("{8BC9CEB8-8B4A-11D0-8D11-00A0C91BC942}") = "Product", "ThePlant\Product.vcxproj", "{21162D5B-8BF3-30E4-8D6F-FD4351A9BE25}"
	ProjectSection(ProjectDependencies) = postProject
		{0970390E-AAB6-3B76-A5EF-D6CBC0D798ED} = {0970390E-AAB6-3B76-A5EF-D6CBC0D798ED}
		{5C08DD83-AF7E-34C8-BF27-63524202B659} = {5C08DD83-AF7E-34C8-BF27-63524202B659}
		{EBE1EE41-16D9-3C0B-8F3B-76EABC58DADF} = {EBE1EE41-16D9-3C0B-8F3B-76EABC58DADF}
		{AF608650-4D79-3697-9754-5F027A549C6A} = {AF608650-4D79-3697-9754-5F027A549C6A}
		{0BCAADCC-D959-3B94-99B0-F52ABF7E9073} = {0BCAADCC-D959-3B94-99B0-F52ABF7E9073}
		{AB3DA3D6-B279-35A2-B72D-4E3C214AE9A3} = {AB3DA3D6-B279-35A2-B72D-4E3C214AE9A3}
		{1AD4E25E-DE64-361D-9798-692B2055FD67} = {1AD4E25E-DE64-361D-9798-692B2055FD67}
		{1BE8D40B-F15F-3F3C-87B7-6DF47CC0E549} = {1BE8D40B-F15F-3F3C-87B7-6DF47CC0E549}
		{41B95C2E-EBF1-3930-9968-13A44CCCDF0A} = {41B95C2E-EBF1-3930-9968-13A44CCCDF0A}
	EndProjectSection
EndProject
Project("{8BC9CEB8-8B4A-11D0-8D11-00A0C91BC942}") = "Product_Lib", "ThePlant\Product\Product_Lib.vcxproj", "{0BCAADCC-D959-3B94-99B0-F52ABF7E9073}"
	ProjectSection(ProjectDependencies) = postProject
		{0970390E-AAB6-3B76-A5EF-D6CBC0D798ED} = {0970390E-AAB6-3B76-A5EF-D6CBC0D798ED}
		{5C08DD83-AF7E-34C8-BF27-63524202B659} = {5C08DD83-AF7E-34C8-BF27-63524202B659}
		{EBE1EE41-16D9-3C0B-8F3B-76EABC58DADF} = {EBE1EE41-16D9-3C0B-8F3B-76EABC58DADF}
		{AF608650-4D79-3697-9754-5F027A549C6A} = {AF608650-4D79-3697-9754-5F027A549C6A}
		{AB3DA3D6-B279-35A2-B72D-4E3C214AE9A3} = {AB3DA3D6-B279-35A2-B72D-4E3C214AE9A3}
		{1AD4E25E-DE64-361D-9798-692B2055FD67} = {1AD4E25E-DE64-361D-9798-692B2055FD67}
		{1BE8D40B-F15F-3F3C-87B7-6DF47CC0E549} = {1BE8D40B-F15F-3F3C-87B7-6DF47CC0E549}
		{41B95C2E-EBF1-3930-9968-13A44CCCDF0A} = {41B95C2E-EBF1-3930-9968-13A44CCCDF0A}
	EndProjectSection
EndProject
Project("{8BC9CEB8-8B4A-11D0-8D11-00A0C91BC942}") = "SDL2-static", "ThePlant\Materials\Dependencies\SDL2-2.0.14\SDL2-static.vcxproj", "{AB3DA3D6-B279-35A2-B72D-4E3C214AE9A3}"
	ProjectSection(ProjectDependencies) = postProject
		{1BE8D40B-F15F-3F3C-87B7-6DF47CC0E549} = {1BE8D40B-F15F-3F3C-87B7-6DF47CC0E549}
	EndProjectSection
EndProject
Project("{8BC9CEB8-8B4A-11D0-8D11-00A0C91BC942}") = "SDL2main", "ThePlant\Materials\Dependencies\SDL2-2.0.14\SDL2main.vcxproj", "{1AD4E25E-DE64-361D-9798-692B2055FD67}"
	ProjectSection(ProjectDependencies) = postProject
		{1BE8D40B-F15F-3F3C-87B7-6DF47CC0E549} = {1BE8D40B-F15F-3F3C-87B7-6DF47CC0E549}
	EndProjectSection
EndProject
Project("{8BC9CEB8-8B4A-11D0-8D11-00A0C91BC942}") = "SQLiteCpp", "ThePlant\Factory\Workers\SQLiteCpp-3.1.1\SQLiteCpp.vcxproj", "{71800C4E-D6ED-3C63-9633-B65D0AFF6B91}"
	ProjectSection(ProjectDependencies) = postProject
		{1BE8D40B-F15F-3F3C-87B7-6DF47CC0E549} = {1BE8D40B-F15F-3F3C-87B7-6DF47CC0E549}
		{113721F3-8A26-3336-B63F-BD4B186F6178} = {113721F3-8A26-3336-B63F-BD4B186F6178}
	EndProjectSection
EndProject
Project("{8BC9CEB8-8B4A-11D0-8D11-00A0C91BC942}") = "SQLiteCpp_cpplint", "ThePlant\Factory\Workers\SQLiteCpp-3.1.1\SQLiteCpp_cpplint.vcxproj", "{F9AB04CC-C913-3767-95CF-B7BCE14321E3}"
	ProjectSection(ProjectDependencies) = postProject
		{1BE8D40B-F15F-3F3C-87B7-6DF47CC0E549} = {1BE8D40B-F15F-3F3C-87B7-6DF47CC0E549}
	EndProjectSection
EndProject
Project("{8BC9CEB8-8B4A-11D0-8D11-00A0C91BC942}") = "UpdateAssimpLibsDebugSymbolsAndDLLs", "ThePlant\Factory\Workers\assimp-5.0.1\UpdateAssimpLibsDebugSymbolsAndDLLs.vcxproj", "{3BEFF22C-4590-3CF2-9E53-B7F5C216935A}"
	ProjectSection(ProjectDependencies) = postProject
		{1BE8D40B-F15F-3F3C-87B7-6DF47CC0E549} = {1BE8D40B-F15F-3F3C-87B7-6DF47CC0E549}
	EndProjectSection
EndProject
Project("{8BC9CEB8-8B4A-11D0-8D11-00A0C91BC942}") = "ZERO_CHECK", "ZERO_CHECK.vcxproj", "{1BE8D40B-F15F-3F3C-87B7-6DF47CC0E549}"
	ProjectSection(ProjectDependencies) = postProject
	EndProjectSection
EndProject
Project("{8BC9CEB8-8B4A-11D0-8D11-00A0C91BC942}") = "assimp", "ThePlant\Factory\Workers\assimp-5.0.1\code\assimp.vcxproj", "{202D408E-D930-332E-8E27-DDE176D231EE}"
	ProjectSection(ProjectDependencies) = postProject
		{987A11D5-009A-3C4C-97B1-B434565DB856} = {987A11D5-009A-3C4C-97B1-B434565DB856}
		{1BE8D40B-F15F-3F3C-87B7-6DF47CC0E549} = {1BE8D40B-F15F-3F3C-87B7-6DF47CC0E549}
		{4F267AE5-6211-3642-ADDE-6A7E74A1A5D8} = {4F267AE5-6211-3642-ADDE-6A7E74A1A5D8}
	EndProjectSection
EndProject
Project("{8BC9CEB8-8B4A-11D0-8D11-00A0C91BC942}") = "assimp_cmd", "ThePlant\Factory\Workers\assimp-5.0.1\tools\assimp_cmd\assimp_cmd.vcxproj", "{7AF3B122-2D3D-3FAD-8FE3-A328C8C309FE}"
	ProjectSection(ProjectDependencies) = postProject
		{987A11D5-009A-3C4C-97B1-B434565DB856} = {987A11D5-009A-3C4C-97B1-B434565DB856}
		{1BE8D40B-F15F-3F3C-87B7-6DF47CC0E549} = {1BE8D40B-F15F-3F3C-87B7-6DF47CC0E549}
		{202D408E-D930-332E-8E27-DDE176D231EE} = {202D408E-D930-332E-8E27-DDE176D231EE}
		{4F267AE5-6211-3642-ADDE-6A7E74A1A5D8} = {4F267AE5-6211-3642-ADDE-6A7E74A1A5D8}
	EndProjectSection
EndProject
Project("{8BC9CEB8-8B4A-11D0-8D11-00A0C91BC942}") = "libglew_shared", "ThePlant\Materials\Dependencies\GLEW-2.2.0\libglew_shared.vcxproj", "{A6BABECD-D559-39DA-86DD-78A8508FEC4A}"
	ProjectSection(ProjectDependencies) = postProject
		{1BE8D40B-F15F-3F3C-87B7-6DF47CC0E549} = {1BE8D40B-F15F-3F3C-87B7-6DF47CC0E549}
	EndProjectSection
EndProject
Project("{8BC9CEB8-8B4A-11D0-8D11-00A0C91BC942}") = "libglew_static", "ThePlant\Materials\Dependencies\GLEW-2.2.0\libglew_static.vcxproj", "{41B95C2E-EBF1-3930-9968-13A44CCCDF0A}"
	ProjectSection(ProjectDependencies) = postProject
		{1BE8D40B-F15F-3F3C-87B7-6DF47CC0E549} = {1BE8D40B-F15F-3F3C-87B7-6DF47CC0E549}
	EndProjectSection
EndProject
Project("{8BC9CEB8-8B4A-11D0-8D11-00A0C91BC942}") = "sqlite3", "ThePlant\Factory\Workers\SQLiteCpp-3.1.1\sqlite3\sqlite3.vcxproj", "{113721F3-8A26-3336-B63F-BD4B186F6178}"
	ProjectSection(ProjectDependencies) = postProject
		{1BE8D40B-F15F-3F3C-87B7-6DF47CC0E549} = {1BE8D40B-F15F-3F3C-87B7-6DF47CC0E549}
	EndProjectSection
EndProject
Project("{8BC9CEB8-8B4A-11D0-8D11-00A0C91BC942}") = "uninstall", "ThePlant\Materials\Dependencies\SDL2-2.0.14\uninstall.vcxproj", "{1632AFB9-15EF-3143-8119-7DC9DB088F52}"
	ProjectSection(ProjectDependencies) = postProject
		{1BE8D40B-F15F-3F3C-87B7-6DF47CC0E549} = {1BE8D40B-F15F-3F3C-87B7-6DF47CC0E549}
	EndProjectSection
EndProject
Project("{8BC9CEB8-8B4A-11D0-8D11-00A0C91BC942}") = "unit", "ThePlant\Factory\Workers\assimp-5.0.1\test\unit.vcxproj", "{7D8CFB9F-0A4D-368E-BF40-75EAFB43F39F}"
	ProjectSection(ProjectDependencies) = postProject
		{987A11D5-009A-3C4C-97B1-B434565DB856} = {987A11D5-009A-3C4C-97B1-B434565DB856}
		{1BE8D40B-F15F-3F3C-87B7-6DF47CC0E549} = {1BE8D40B-F15F-3F3C-87B7-6DF47CC0E549}
		{202D408E-D930-332E-8E27-DDE176D231EE} = {202D408E-D930-332E-8E27-DDE176D231EE}
		{4F267AE5-6211-3642-ADDE-6A7E74A1A5D8} = {4F267AE5-6211-3642-ADDE-6A7E74A1A5D8}
	EndProjectSection
EndProject
Project("{8BC9CEB8-8B4A-11D0-8D11-00A0C91BC942}") = "zlib", "ThePlant\Factory\Workers\assimp-5.0.1\contrib\zlib\zlib.vcxproj", "{4B362ABA-2477-35CB-A81A-1AC66D417B52}"
	ProjectSection(ProjectDependencies) = postProject
		{1BE8D40B-F15F-3F3C-87B7-6DF47CC0E549} = {1BE8D40B-F15F-3F3C-87B7-6DF47CC0E549}
	EndProjectSection
EndProject
Project("{8BC9CEB8-8B4A-11D0-8D11-00A0C91BC942}") = "zlibstatic", "ThePlant\Factory\Workers\assimp-5.0.1\contrib\zlib\zlibstatic.vcxproj", "{4F267AE5-6211-3642-ADDE-6A7E74A1A5D8}"
	ProjectSection(ProjectDependencies) = postProject
		{1BE8D40B-F15F-3F3C-87B7-6DF47CC0E549} = {1BE8D40B-F15F-3F3C-87B7-6DF47CC0E549}
	EndProjectSection
EndProject
Global
	GlobalSection(SolutionConfigurationPlatforms) = preSolution
		Debug|x64 = Debug|x64
		Release|x64 = Release|x64
		MinSizeRel|x64 = MinSizeRel|x64
		RelWithDebInfo|x64 = RelWithDebInfo|x64
	EndGlobalSection
	GlobalSection(ProjectConfigurationPlatforms) = postSolution
		{91EBFA07-6B2F-3104-8DF9-56D1084C19D6}.Debug|x64.ActiveCfg = Debug|x64
		{91EBFA07-6B2F-3104-8DF9-56D1084C19D6}.Debug|x64.Build.0 = Debug|x64
		{91EBFA07-6B2F-3104-8DF9-56D1084C19D6}.Release|x64.ActiveCfg = Release|x64
		{91EBFA07-6B2F-3104-8DF9-56D1084C19D6}.Release|x64.Build.0 = Release|x64
		{91EBFA07-6B2F-3104-8DF9-56D1084C19D6}.MinSizeRel|x64.ActiveCfg = MinSizeRel|x64
		{91EBFA07-6B2F-3104-8DF9-56D1084C19D6}.MinSizeRel|x64.Build.0 = MinSizeRel|x64
		{91EBFA07-6B2F-3104-8DF9-56D1084C19D6}.RelWithDebInfo|x64.ActiveCfg = RelWithDebInfo|x64
		{91EBFA07-6B2F-3104-8DF9-56D1084C19D6}.RelWithDebInfo|x64.Build.0 = RelWithDebInfo|x64
		{0970390E-AAB6-3B76-A5EF-D6CBC0D798ED}.Debug|x64.ActiveCfg = Debug|x64
		{0970390E-AAB6-3B76-A5EF-D6CBC0D798ED}.Debug|x64.Build.0 = Debug|x64
		{0970390E-AAB6-3B76-A5EF-D6CBC0D798ED}.Release|x64.ActiveCfg = Release|x64
		{0970390E-AAB6-3B76-A5EF-D6CBC0D798ED}.Release|x64.Build.0 = Release|x64
		{0970390E-AAB6-3B76-A5EF-D6CBC0D798ED}.MinSizeRel|x64.ActiveCfg = MinSizeRel|x64
		{0970390E-AAB6-3B76-A5EF-D6CBC0D798ED}.MinSizeRel|x64.Build.0 = MinSizeRel|x64
		{0970390E-AAB6-3B76-A5EF-D6CBC0D798ED}.RelWithDebInfo|x64.ActiveCfg = RelWithDebInfo|x64
		{0970390E-AAB6-3B76-A5EF-D6CBC0D798ED}.RelWithDebInfo|x64.Build.0 = RelWithDebInfo|x64
		{5C08DD83-AF7E-34C8-BF27-63524202B659}.Debug|x64.ActiveCfg = Debug|x64
		{5C08DD83-AF7E-34C8-BF27-63524202B659}.Debug|x64.Build.0 = Debug|x64
		{5C08DD83-AF7E-34C8-BF27-63524202B659}.Release|x64.ActiveCfg = Release|x64
		{5C08DD83-AF7E-34C8-BF27-63524202B659}.Release|x64.Build.0 = Release|x64
		{5C08DD83-AF7E-34C8-BF27-63524202B659}.MinSizeRel|x64.ActiveCfg = MinSizeRel|x64
		{5C08DD83-AF7E-34C8-BF27-63524202B659}.MinSizeRel|x64.Build.0 = MinSizeRel|x64
		{5C08DD83-AF7E-34C8-BF27-63524202B659}.RelWithDebInfo|x64.ActiveCfg = RelWithDebInfo|x64
		{5C08DD83-AF7E-34C8-BF27-63524202B659}.RelWithDebInfo|x64.Build.0 = RelWithDebInfo|x64
		{A0C1B546-4627-3A7B-8413-2DFD19E361F7}.Debug|x64.ActiveCfg = Debug|x64
		{A0C1B546-4627-3A7B-8413-2DFD19E361F7}.Debug|x64.Build.0 = Debug|x64
		{A0C1B546-4627-3A7B-8413-2DFD19E361F7}.Release|x64.ActiveCfg = Release|x64
		{A0C1B546-4627-3A7B-8413-2DFD19E361F7}.Release|x64.Build.0 = Release|x64
		{A0C1B546-4627-3A7B-8413-2DFD19E361F7}.MinSizeRel|x64.ActiveCfg = MinSizeRel|x64
		{A0C1B546-4627-3A7B-8413-2DFD19E361F7}.MinSizeRel|x64.Build.0 = MinSizeRel|x64
		{A0C1B546-4627-3A7B-8413-2DFD19E361F7}.RelWithDebInfo|x64.ActiveCfg = RelWithDebInfo|x64
		{A0C1B546-4627-3A7B-8413-2DFD19E361F7}.RelWithDebInfo|x64.Build.0 = RelWithDebInfo|x64
		{2732429F-DF03-3A14-B057-96E3142A58E8}.Debug|x64.ActiveCfg = Debug|x64
		{2732429F-DF03-3A14-B057-96E3142A58E8}.Debug|x64.Build.0 = Debug|x64
		{2732429F-DF03-3A14-B057-96E3142A58E8}.Release|x64.ActiveCfg = Release|x64
		{2732429F-DF03-3A14-B057-96E3142A58E8}.Release|x64.Build.0 = Release|x64
		{2732429F-DF03-3A14-B057-96E3142A58E8}.MinSizeRel|x64.ActiveCfg = MinSizeRel|x64
		{2732429F-DF03-3A14-B057-96E3142A58E8}.MinSizeRel|x64.Build.0 = MinSizeRel|x64
		{2732429F-DF03-3A14-B057-96E3142A58E8}.RelWithDebInfo|x64.ActiveCfg = RelWithDebInfo|x64
		{2732429F-DF03-3A14-B057-96E3142A58E8}.RelWithDebInfo|x64.Build.0 = RelWithDebInfo|x64
		{EBE1EE41-16D9-3C0B-8F3B-76EABC58DADF}.Debug|x64.ActiveCfg = Debug|x64
		{EBE1EE41-16D9-3C0B-8F3B-76EABC58DADF}.Debug|x64.Build.0 = Debug|x64
		{EBE1EE41-16D9-3C0B-8F3B-76EABC58DADF}.Release|x64.ActiveCfg = Release|x64
		{EBE1EE41-16D9-3C0B-8F3B-76EABC58DADF}.Release|x64.Build.0 = Release|x64
		{EBE1EE41-16D9-3C0B-8F3B-76EABC58DADF}.MinSizeRel|x64.ActiveCfg = MinSizeRel|x64
		{EBE1EE41-16D9-3C0B-8F3B-76EABC58DADF}.MinSizeRel|x64.Build.0 = MinSizeRel|x64
		{EBE1EE41-16D9-3C0B-8F3B-76EABC58DADF}.RelWithDebInfo|x64.ActiveCfg = RelWithDebInfo|x64
		{EBE1EE41-16D9-3C0B-8F3B-76EABC58DADF}.RelWithDebInfo|x64.Build.0 = RelWithDebInfo|x64
		{33566BA6-F4D8-34B1-9E39-7ABBF30469E3}.Debug|x64.ActiveCfg = Debug|x64
		{33566BA6-F4D8-34B1-9E39-7ABBF30469E3}.Release|x64.ActiveCfg = Release|x64
		{33566BA6-F4D8-34B1-9E39-7ABBF30469E3}.MinSizeRel|x64.ActiveCfg = MinSizeRel|x64
		{33566BA6-F4D8-34B1-9E39-7ABBF30469E3}.RelWithDebInfo|x64.ActiveCfg = RelWithDebInfo|x64
		{987A11D5-009A-3C4C-97B1-B434565DB856}.Debug|x64.ActiveCfg = Debug|x64
		{987A11D5-009A-3C4C-97B1-B434565DB856}.Debug|x64.Build.0 = Debug|x64
		{987A11D5-009A-3C4C-97B1-B434565DB856}.Release|x64.ActiveCfg = Release|x64
		{987A11D5-009A-3C4C-97B1-B434565DB856}.Release|x64.Build.0 = Release|x64
		{987A11D5-009A-3C4C-97B1-B434565DB856}.MinSizeRel|x64.ActiveCfg = MinSizeRel|x64
		{987A11D5-009A-3C4C-97B1-B434565DB856}.MinSizeRel|x64.Build.0 = MinSizeRel|x64
		{987A11D5-009A-3C4C-97B1-B434565DB856}.RelWithDebInfo|x64.ActiveCfg = RelWithDebInfo|x64
		{987A11D5-009A-3C4C-97B1-B434565DB856}.RelWithDebInfo|x64.Build.0 = RelWithDebInfo|x64
		{D15B5F68-7D38-30CF-B509-B6843E86521F}.Debug|x64.ActiveCfg = Debug|x64
		{D15B5F68-7D38-30CF-B509-B6843E86521F}.Debug|x64.Build.0 = Debug|x64
		{D15B5F68-7D38-30CF-B509-B6843E86521F}.Release|x64.ActiveCfg = Release|x64
		{D15B5F68-7D38-30CF-B509-B6843E86521F}.Release|x64.Build.0 = Release|x64
		{D15B5F68-7D38-30CF-B509-B6843E86521F}.MinSizeRel|x64.ActiveCfg = MinSizeRel|x64
		{D15B5F68-7D38-30CF-B509-B6843E86521F}.MinSizeRel|x64.Build.0 = MinSizeRel|x64
		{D15B5F68-7D38-30CF-B509-B6843E86521F}.RelWithDebInfo|x64.ActiveCfg = RelWithDebInfo|x64
		{D15B5F68-7D38-30CF-B509-B6843E86521F}.RelWithDebInfo|x64.Build.0 = RelWithDebInfo|x64
		{AF608650-4D79-3697-9754-5F027A549C6A}.Debug|x64.ActiveCfg = Debug|x64
		{AF608650-4D79-3697-9754-5F027A549C6A}.Debug|x64.Build.0 = Debug|x64
		{AF608650-4D79-3697-9754-5F027A549C6A}.Release|x64.ActiveCfg = Release|x64
		{AF608650-4D79-3697-9754-5F027A549C6A}.Release|x64.Build.0 = Release|x64
		{AF608650-4D79-3697-9754-5F027A549C6A}.MinSizeRel|x64.ActiveCfg = MinSizeRel|x64
		{AF608650-4D79-3697-9754-5F027A549C6A}.MinSizeRel|x64.Build.0 = MinSizeRel|x64
		{AF608650-4D79-3697-9754-5F027A549C6A}.RelWithDebInfo|x64.ActiveCfg = RelWithDebInfo|x64
		{AF608650-4D79-3697-9754-5F027A549C6A}.RelWithDebInfo|x64.Build.0 = RelWithDebInfo|x64
		{21162D5B-8BF3-30E4-8D6F-FD4351A9BE25}.Debug|x64.ActiveCfg = Debug|x64
		{21162D5B-8BF3-30E4-8D6F-FD4351A9BE25}.Debug|x64.Build.0 = Debug|x64
		{21162D5B-8BF3-30E4-8D6F-FD4351A9BE25}.Release|x64.ActiveCfg = Release|x64
		{21162D5B-8BF3-30E4-8D6F-FD4351A9BE25}.Release|x64.Build.0 = Release|x64
		{21162D5B-8BF3-30E4-8D6F-FD4351A9BE25}.MinSizeRel|x64.ActiveCfg = MinSizeRel|x64
		{21162D5B-8BF3-30E4-8D6F-FD4351A9BE25}.MinSizeRel|x64.Build.0 = MinSizeRel|x64
		{21162D5B-8BF3-30E4-8D6F-FD4351A9BE25}.RelWithDebInfo|x64.ActiveCfg = RelWithDebInfo|x64
		{21162D5B-8BF3-30E4-8D6F-FD4351A9BE25}.RelWithDebInfo|x64.Build.0 = RelWithDebInfo|x64
		{0BCAADCC-D959-3B94-99B0-F52ABF7E9073}.Debug|x64.ActiveCfg = Debug|x64
		{0BCAADCC-D959-3B94-99B0-F52ABF7E9073}.Debug|x64.Build.0 = Debug|x64
		{0BCAADCC-D959-3B94-99B0-F52ABF7E9073}.Release|x64.ActiveCfg = Release|x64
		{0BCAADCC-D959-3B94-99B0-F52ABF7E9073}.Release|x64.Build.0 = Release|x64
		{0BCAADCC-D959-3B94-99B0-F52ABF7E9073}.MinSizeRel|x64.ActiveCfg = MinSizeRel|x64
		{0BCAADCC-D959-3B94-99B0-F52ABF7E9073}.MinSizeRel|x64.Build.0 = MinSizeRel|x64
		{0BCAADCC-D959-3B94-99B0-F52ABF7E9073}.RelWithDebInfo|x64.ActiveCfg = RelWithDebInfo|x64
		{0BCAADCC-D959-3B94-99B0-F52ABF7E9073}.RelWithDebInfo|x64.Build.0 = RelWithDebInfo|x64
		{AB3DA3D6-B279-35A2-B72D-4E3C214AE9A3}.Debug|x64.ActiveCfg = Debug|x64
		{AB3DA3D6-B279-35A2-B72D-4E3C214AE9A3}.Debug|x64.Build.0 = Debug|x64
		{AB3DA3D6-B279-35A2-B72D-4E3C214AE9A3}.Release|x64.ActiveCfg = Release|x64
		{AB3DA3D6-B279-35A2-B72D-4E3C214AE9A3}.Release|x64.Build.0 = Release|x64
		{AB3DA3D6-B279-35A2-B72D-4E3C214AE9A3}.MinSizeRel|x64.ActiveCfg = MinSizeRel|x64
		{AB3DA3D6-B279-35A2-B72D-4E3C214AE9A3}.MinSizeRel|x64.Build.0 = MinSizeRel|x64
		{AB3DA3D6-B279-35A2-B72D-4E3C214AE9A3}.RelWithDebInfo|x64.ActiveCfg = RelWithDebInfo|x64
		{AB3DA3D6-B279-35A2-B72D-4E3C214AE9A3}.RelWithDebInfo|x64.Build.0 = RelWithDebInfo|x64
		{1AD4E25E-DE64-361D-9798-692B2055FD67}.Debug|x64.ActiveCfg = Debug|x64
		{1AD4E25E-DE64-361D-9798-692B2055FD67}.Debug|x64.Build.0 = Debug|x64
		{1AD4E25E-DE64-361D-9798-692B2055FD67}.Release|x64.ActiveCfg = Release|x64
		{1AD4E25E-DE64-361D-9798-692B2055FD67}.Release|x64.Build.0 = Release|x64
		{1AD4E25E-DE64-361D-9798-692B2055FD67}.MinSizeRel|x64.ActiveCfg = MinSizeRel|x64
		{1AD4E25E-DE64-361D-9798-692B2055FD67}.MinSizeRel|x64.Build.0 = MinSizeRel|x64
		{1AD4E25E-DE64-361D-9798-692B2055FD67}.RelWithDebInfo|x64.ActiveCfg = RelWithDebInfo|x64
		{1AD4E25E-DE64-361D-9798-692B2055FD67}.RelWithDebInfo|x64.Build.0 = RelWithDebInfo|x64
		{71800C4E-D6ED-3C63-9633-B65D0AFF6B91}.Debug|x64.ActiveCfg = Debug|x64
		{71800C4E-D6ED-3C63-9633-B65D0AFF6B91}.Debug|x64.Build.0 = Debug|x64
		{71800C4E-D6ED-3C63-9633-B65D0AFF6B91}.Release|x64.ActiveCfg = Release|x64
		{71800C4E-D6ED-3C63-9633-B65D0AFF6B91}.Release|x64.Build.0 = Release|x64
		{71800C4E-D6ED-3C63-9633-B65D0AFF6B91}.MinSizeRel|x64.ActiveCfg = MinSizeRel|x64
		{71800C4E-D6ED-3C63-9633-B65D0AFF6B91}.MinSizeRel|x64.Build.0 = MinSizeRel|x64
		{71800C4E-D6ED-3C63-9633-B65D0AFF6B91}.RelWithDebInfo|x64.ActiveCfg = RelWithDebInfo|x64
		{71800C4E-D6ED-3C63-9633-B65D0AFF6B91}.RelWithDebInfo|x64.Build.0 = RelWithDebInfo|x64
		{F9AB04CC-C913-3767-95CF-B7BCE14321E3}.Debug|x64.ActiveCfg = Debug|x64
		{F9AB04CC-C913-3767-95CF-B7BCE14321E3}.Debug|x64.Build.0 = Debug|x64
		{F9AB04CC-C913-3767-95CF-B7BCE14321E3}.Release|x64.ActiveCfg = Release|x64
		{F9AB04CC-C913-3767-95CF-B7BCE14321E3}.Release|x64.Build.0 = Release|x64
		{F9AB04CC-C913-3767-95CF-B7BCE14321E3}.MinSizeRel|x64.ActiveCfg = MinSizeRel|x64
		{F9AB04CC-C913-3767-95CF-B7BCE14321E3}.MinSizeRel|x64.Build.0 = MinSizeRel|x64
		{F9AB04CC-C913-3767-95CF-B7BCE14321E3}.RelWithDebInfo|x64.ActiveCfg = RelWithDebInfo|x64
		{F9AB04CC-C913-3767-95CF-B7BCE14321E3}.RelWithDebInfo|x64.Build.0 = RelWithDebInfo|x64
		{3BEFF22C-4590-3CF2-9E53-B7F5C216935A}.Debug|x64.ActiveCfg = Debug|x64
		{3BEFF22C-4590-3CF2-9E53-B7F5C216935A}.Release|x64.ActiveCfg = Release|x64
		{3BEFF22C-4590-3CF2-9E53-B7F5C216935A}.MinSizeRel|x64.ActiveCfg = MinSizeRel|x64
		{3BEFF22C-4590-3CF2-9E53-B7F5C216935A}.RelWithDebInfo|x64.ActiveCfg = RelWithDebInfo|x64
		{1BE8D40B-F15F-3F3C-87B7-6DF47CC0E549}.Debug|x64.ActiveCfg = Debug|x64
		{1BE8D40B-F15F-3F3C-87B7-6DF47CC0E549}.Debug|x64.Build.0 = Debug|x64
		{1BE8D40B-F15F-3F3C-87B7-6DF47CC0E549}.Release|x64.ActiveCfg = Release|x64
		{1BE8D40B-F15F-3F3C-87B7-6DF47CC0E549}.Release|x64.Build.0 = Release|x64
		{1BE8D40B-F15F-3F3C-87B7-6DF47CC0E549}.MinSizeRel|x64.ActiveCfg = MinSizeRel|x64
		{1BE8D40B-F15F-3F3C-87B7-6DF47CC0E549}.MinSizeRel|x64.Build.0 = MinSizeRel|x64
		{1BE8D40B-F15F-3F3C-87B7-6DF47CC0E549}.RelWithDebInfo|x64.ActiveCfg = RelWithDebInfo|x64
		{1BE8D40B-F15F-3F3C-87B7-6DF47CC0E549}.RelWithDebInfo|x64.Build.0 = RelWithDebInfo|x64
		{202D408E-D930-332E-8E27-DDE176D231EE}.Debug|x64.ActiveCfg = Debug|x64
		{202D408E-D930-332E-8E27-DDE176D231EE}.Debug|x64.Build.0 = Debug|x64
		{202D408E-D930-332E-8E27-DDE176D231EE}.Release|x64.ActiveCfg = Release|x64
		{202D408E-D930-332E-8E27-DDE176D231EE}.Release|x64.Build.0 = Release|x64
		{202D408E-D930-332E-8E27-DDE176D231EE}.MinSizeRel|x64.ActiveCfg = MinSizeRel|x64
		{202D408E-D930-332E-8E27-DDE176D231EE}.MinSizeRel|x64.Build.0 = MinSizeRel|x64
		{202D408E-D930-332E-8E27-DDE176D231EE}.RelWithDebInfo|x64.ActiveCfg = RelWithDebInfo|x64
		{202D408E-D930-332E-8E27-DDE176D231EE}.RelWithDebInfo|x64.Build.0 = RelWithDebInfo|x64
		{7AF3B122-2D3D-3FAD-8FE3-A328C8C309FE}.Debug|x64.ActiveCfg = Debug|x64
		{7AF3B122-2D3D-3FAD-8FE3-A328C8C309FE}.Debug|x64.Build.0 = Debug|x64
		{7AF3B122-2D3D-3FAD-8FE3-A328C8C309FE}.Release|x64.ActiveCfg = Release|x64
		{7AF3B122-2D3D-3FAD-8FE3-A328C8C309FE}.Release|x64.Build.0 = Release|x64
		{7AF3B122-2D3D-3FAD-8FE3-A328C8C309FE}.MinSizeRel|x64.ActiveCfg = MinSizeRel|x64
		{7AF3B122-2D3D-3FAD-8FE3-A328C8C309FE}.MinSizeRel|x64.Build.0 = MinSizeRel|x64
		{7AF3B122-2D3D-3FAD-8FE3-A328C8C309FE}.RelWithDebInfo|x64.ActiveCfg = RelWithDebInfo|x64
		{7AF3B122-2D3D-3FAD-8FE3-A328C8C309FE}.RelWithDebInfo|x64.Build.0 = RelWithDebInfo|x64
		{A6BABECD-D559-39DA-86DD-78A8508FEC4A}.Debug|x64.ActiveCfg = Debug|x64
		{A6BABECD-D559-39DA-86DD-78A8508FEC4A}.Debug|x64.Build.0 = Debug|x64
		{A6BABECD-D559-39DA-86DD-78A8508FEC4A}.Release|x64.ActiveCfg = Release|x64
		{A6BABECD-D559-39DA-86DD-78A8508FEC4A}.Release|x64.Build.0 = Release|x64
		{A6BABECD-D559-39DA-86DD-78A8508FEC4A}.MinSizeRel|x64.ActiveCfg = MinSizeRel|x64
		{A6BABECD-D559-39DA-86DD-78A8508FEC4A}.MinSizeRel|x64.Build.0 = MinSizeRel|x64
		{A6BABECD-D559-39DA-86DD-78A8508FEC4A}.RelWithDebInfo|x64.ActiveCfg = RelWithDebInfo|x64
		{A6BABECD-D559-39DA-86DD-78A8508FEC4A}.RelWithDebInfo|x64.Build.0 = RelWithDebInfo|x64
		{41B95C2E-EBF1-3930-9968-13A44CCCDF0A}.Debug|x64.ActiveCfg = Debug|x64
		{41B95C2E-EBF1-3930-9968-13A44CCCDF0A}.Debug|x64.Build.0 = Debug|x64
		{41B95C2E-EBF1-3930-9968-13A44CCCDF0A}.Release|x64.ActiveCfg = Release|x64
		{41B95C2E-EBF1-3930-9968-13A44CCCDF0A}.Release|x64.Build.0 = Release|x64
		{41B95C2E-EBF1-3930-9968-13A44CCCDF0A}.MinSizeRel|x64.ActiveCfg = MinSizeRel|x64
		{41B95C2E-EBF1-3930-9968-13A44CCCDF0A}.MinSizeRel|x64.Build.0 = MinSizeRel|x64
		{41B95C2E-EBF1-3930-9968-13A44CCCDF0A}.RelWithDebInfo|x64.ActiveCfg = RelWithDebInfo|x64
		{41B95C2E-EBF1-3930-9968-13A44CCCDF0A}.RelWithDebInfo|x64.Build.0 = RelWithDebInfo|x64
		{113721F3-8A26-3336-B63F-BD4B186F6178}.Debug|x64.ActiveCfg = Debug|x64
		{113721F3-8A26-3336-B63F-BD4B186F6178}.Debug|x64.Build.0 = Debug|x64
		{113721F3-8A26-3336-B63F-BD4B186F6178}.Release|x64.ActiveCfg = Release|x64
		{113721F3-8A26-3336-B63F-BD4B186F6178}.Release|x64.Build.0 = Release|x64
		{113721F3-8A26-3336-B63F-BD4B186F6178}.MinSizeRel|x64.ActiveCfg = MinSizeRel|x64
		{113721F3-8A26-3336-B63F-BD4B186F6178}.MinSizeRel|x64.Build.0 = MinSizeRel|x64
		{113721F3-8A26-3336-B63F-BD4B186F6178}.RelWithDebInfo|x64.ActiveCfg = RelWithDebInfo|x64
		{113721F3-8A26-3336-B63F-BD4B186F6178}.RelWithDebInfo|x64.Build.0 = RelWithDebInfo|x64
		{1632AFB9-15EF-3143-8119-7DC9DB088F52}.Debug|x64.ActiveCfg = Debug|x64
		{1632AFB9-15EF-3143-8119-7DC9DB088F52}.Release|x64.ActiveCfg = Release|x64
		{1632AFB9-15EF-3143-8119-7DC9DB088F52}.MinSizeRel|x64.ActiveCfg = MinSizeRel|x64
		{1632AFB9-15EF-3143-8119-7DC9DB088F52}.RelWithDebInfo|x64.ActiveCfg = RelWithDebInfo|x64
		{7D8CFB9F-0A4D-368E-BF40-75EAFB43F39F}.Debug|x64.ActiveCfg = Debug|x64
		{7D8CFB9F-0A4D-368E-BF40-75EAFB43F39F}.Debug|x64.Build.0 = Debug|x64
		{7D8CFB9F-0A4D-368E-BF40-75EAFB43F39F}.Release|x64.ActiveCfg = Release|x64
		{7D8CFB9F-0A4D-368E-BF40-75EAFB43F39F}.Release|x64.Build.0 = Release|x64
		{7D8CFB9F-0A4D-368E-BF40-75EAFB43F39F}.MinSizeRel|x64.ActiveCfg = MinSizeRel|x64
		{7D8CFB9F-0A4D-368E-BF40-75EAFB43F39F}.MinSizeRel|x64.Build.0 = MinSizeRel|x64
		{7D8CFB9F-0A4D-368E-BF40-75EAFB43F39F}.RelWithDebInfo|x64.ActiveCfg = RelWithDebInfo|x64
		{7D8CFB9F-0A4D-368E-BF40-75EAFB43F39F}.RelWithDebInfo|x64.Build.0 = RelWithDebInfo|x64
		{4B362ABA-2477-35CB-A81A-1AC66D417B52}.Debug|x64.ActiveCfg = Debug|x64
		{4B362ABA-2477-35CB-A81A-1AC66D417B52}.Debug|x64.Build.0 = Debug|x64
		{4B362ABA-2477-35CB-A81A-1AC66D417B52}.Release|x64.ActiveCfg = Release|x64
		{4B362ABA-2477-35CB-A81A-1AC66D417B52}.Release|x64.Build.0 = Release|x64
		{4B362ABA-2477-35CB-A81A-1AC66D417B52}.MinSizeRel|x64.ActiveCfg = MinSizeRel|x64
		{4B362ABA-2477-35CB-A81A-1AC66D417B52}.MinSizeRel|x64.Build.0 = MinSizeRel|x64
		{4B362ABA-2477-35CB-A81A-1AC66D417B52}.RelWithDebInfo|x64.ActiveCfg = RelWithDebInfo|x64
		{4B362ABA-2477-35CB-A81A-1AC66D417B52}.RelWithDebInfo|x64.Build.0 = RelWithDebInfo|x64
		{4F267AE5-6211-3642-ADDE-6A7E74A1A5D8}.Debug|x64.ActiveCfg = Debug|x64
		{4F267AE5-6211-3642-ADDE-6A7E74A1A5D8}.Debug|x64.Build.0 = Debug|x64
		{4F267AE5-6211-3642-ADDE-6A7E74A1A5D8}.Release|x64.ActiveCfg = Release|x64
		{4F267AE5-6211-3642-ADDE-6A7E74A1A5D8}.Release|x64.Build.0 = Release|x64
		{4F267AE5-6211-3642-ADDE-6A7E74A1A5D8}.MinSizeRel|x64.ActiveCfg = MinSizeRel|x64
		{4F267AE5-6211-3642-ADDE-6A7E74A1A5D8}.MinSizeRel|x64.Build.0 = MinSizeRel|x64
		{4F267AE5-6211-3642-ADDE-6A7E74A1A5D8}.RelWithDebInfo|x64.ActiveCfg = RelWithDebInfo|x64
		{4F267AE5-6211-3642-ADDE-6A7E74A1A5D8}.RelWithDebInfo|x64.Build.0 = RelWithDebInfo|x64
	EndGlobalSection
	GlobalSection(ExtensibilityGlobals) = postSolution
		SolutionGuid = {4A39E364-2288-3CD1-8F79-B5081917CD16}
	EndGlobalSection
	GlobalSection(ExtensibilityAddIns) = postSolution
	EndGlobalSection
EndGlobal
