<?xml version="1.0" encoding="utf-8"?>
<Project ToolsVersion="16.0" xmlns="http://schemas.microsoft.com/developer/msbuild/2003">
  <ItemGroup>
    <CustomBuild Include="D:\Coding\VisualStudios\Application\builds\CMakeFiles\ad2ce928fdb0fca28c7f71ff2a2e5990\googletest-mkdir.rule">
      <Filter>CMake Rules</Filter>
    </CustomBuild>
    <CustomBuild Include="D:\Coding\VisualStudios\Application\builds\CMakeFiles\ad2ce928fdb0fca28c7f71ff2a2e5990\googletest-download.rule">
      <Filter>CMake Rules</Filter>
    </CustomBuild>
    <CustomBuild Include="D:\Coding\VisualStudios\Application\builds\CMakeFiles\ad2ce928fdb0fca28c7f71ff2a2e5990\googletest-update.rule">
      <Filter>CMake Rules</Filter>
    </CustomBuild>
    <CustomBuild Include="D:\Coding\VisualStudios\Application\builds\CMakeFiles\ad2ce928fdb0fca28c7f71ff2a2e5990\googletest-patch.rule">
      <Filter>CMake Rules</Filter>
    </CustomBuild>
    <CustomBuild Include="D:\Coding\VisualStudios\Application\builds\CMakeFiles\ad2ce928fdb0fca28c7f71ff2a2e5990\googletest-configure.rule">
      <Filter>CMake Rules</Filter>
    </CustomBuild>
    <CustomBuild Include="D:\Coding\VisualStudios\Application\builds\CMakeFiles\ad2ce928fdb0fca28c7f71ff2a2e5990\googletest-build.rule">
      <Filter>CMake Rules</Filter>
    </CustomBuild>
    <CustomBuild Include="D:\Coding\VisualStudios\Application\builds\CMakeFiles\ad2ce928fdb0fca28c7f71ff2a2e5990\googletest-install.rule">
      <Filter>CMake Rules</Filter>
    </CustomBuild>
    <CustomBuild Include="D:\Coding\VisualStudios\Application\builds\CMakeFiles\ad2ce928fdb0fca28c7f71ff2a2e5990\googletest-test.rule">
      <Filter>CMake Rules</Filter>
    </CustomBuild>
    <CustomBuild Include="D:\Coding\VisualStudios\Application\builds\CMakeFiles\5c365d52cf90760a0569be1b235cfc4b\googletest-complete.rule">
      <Filter>CMake Rules</Filter>
    </CustomBuild>
    <CustomBuild Include="D:\Coding\VisualStudios\Application\builds\CMakeFiles\0998a5f32bd0a24226d0dcdcf3f61c82\googletest.rule">
      <Filter>CMake Rules</Filter>
    </CustomBuild>
    <CustomBuild Include="D:\Coding\VisualStudios\Application\ThePlant\Product\Dependencies\luacpp\Source\CMakeLists.txt" />
  </ItemGroup>
  <ItemGroup>
    <None Include="D:\Coding\VisualStudios\Application\builds\ThePlant\Product\Dependencies\luacpp\Source\CMakeFiles\googletest" />
  </ItemGroup>
  <ItemGroup>
    <Filter Include="CMake Rules">
      <UniqueIdentifier>{A1FC3C70-2520-3BE6-834E-D29E8530229F}</UniqueIdentifier>
    </Filter>
  </ItemGroup>
</Project>
