<?xml version="1.0" encoding="utf-8"?>
<Project ToolsVersion="16.0" xmlns="http://schemas.microsoft.com/developer/msbuild/2003">
  <ItemGroup>
    <ClCompile Include="D:\Coding\VisualStudios\Application\ThePlant\Product\Dependencies\luacpp\Source\LuaVersion.cpp">
      <Filter>Source Files</Filter>
    </ClCompile>
    <ClCompile Include="D:\Coding\VisualStudios\Application\ThePlant\Product\Dependencies\luacpp\Source\Engine\LuaState.cpp">
      <Filter>Source Files</Filter>
    </ClCompile>
    <ClCompile Include="D:\Coding\VisualStudios\Application\ThePlant\Product\Dependencies\luacpp\Source\Engine\LuaType.cpp">
      <Filter>Source Files</Filter>
    </ClCompile>
    <ClCompile Include="D:\Coding\VisualStudios\Application\ThePlant\Product\Dependencies\luacpp\Source\Engine\LuaTNil.cpp">
      <Filter>Source Files</Filter>
    </ClCompile>
    <ClCompile Include="D:\Coding\VisualStudios\Application\ThePlant\Product\Dependencies\luacpp\Source\Engine\LuaTString.cpp">
      <Filter>Source Files</Filter>
    </ClCompile>
    <ClCompile Include="D:\Coding\VisualStudios\Application\ThePlant\Product\Dependencies\luacpp\Source\Engine\LuaTNumber.cpp">
      <Filter>Source Files</Filter>
    </ClCompile>
    <ClCompile Include="D:\Coding\VisualStudios\Application\ThePlant\Product\Dependencies\luacpp\Source\Engine\LuaTBoolean.cpp">
      <Filter>Source Files</Filter>
    </ClCompile>
    <ClCompile Include="D:\Coding\VisualStudios\Application\ThePlant\Product\Dependencies\luacpp\Source\Engine\LuaTTable.cpp">
      <Filter>Source Files</Filter>
    </ClCompile>
    <ClCompile Include="D:\Coding\VisualStudios\Application\ThePlant\Product\Dependencies\luacpp\Source\Engine\LuaTUserData.cpp">
      <Filter>Source Files</Filter>
    </ClCompile>
    <ClCompile Include="D:\Coding\VisualStudios\Application\ThePlant\Product\Dependencies\luacpp\Source\Registry\LuaRegistry.cpp">
      <Filter>Source Files</Filter>
    </ClCompile>
    <ClCompile Include="D:\Coding\VisualStudios\Application\ThePlant\Product\Dependencies\luacpp\Source\Registry\LuaCodeSnippet.cpp">
      <Filter>Source Files</Filter>
    </ClCompile>
    <ClCompile Include="D:\Coding\VisualStudios\Application\ThePlant\Product\Dependencies\luacpp\Source\Registry\LuaCompiler.cpp">
      <Filter>Source Files</Filter>
    </ClCompile>
    <ClCompile Include="D:\Coding\VisualStudios\Application\ThePlant\Product\Dependencies\luacpp\Source\Registry\LuaCFunction.cpp">
      <Filter>Source Files</Filter>
    </ClCompile>
    <ClCompile Include="D:\Coding\VisualStudios\Application\ThePlant\Product\Dependencies\luacpp\Source\Registry\LuaLibrary.cpp">
      <Filter>Source Files</Filter>
    </ClCompile>
    <ClCompile Include="D:\Coding\VisualStudios\Application\ThePlant\Product\Dependencies\luacpp\Source\LuaContext.cpp">
      <Filter>Source Files</Filter>
    </ClCompile>
    <ClCompile Include="D:\Coding\VisualStudios\Application\ThePlant\Product\Dependencies\luacpp\Source\LuaMetaObject.cpp">
      <Filter>Source Files</Filter>
    </ClCompile>
  </ItemGroup>
  <ItemGroup>
    <ClInclude Include="D:\Coding\VisualStudios\Application\ThePlant\Product\Dependencies\luacpp\Source\Lua.hpp">
      <Filter>Header Files</Filter>
    </ClInclude>
    <ClInclude Include="D:\Coding\VisualStudios\Application\ThePlant\Product\Dependencies\luacpp\Source\LuaCpp.hpp">
      <Filter>Header Files</Filter>
    </ClInclude>
    <ClInclude Include="D:\Coding\VisualStudios\Application\ThePlant\Product\Dependencies\luacpp\Source\LuaVersion.hpp">
      <Filter>Header Files</Filter>
    </ClInclude>
    <ClInclude Include="D:\Coding\VisualStudios\Application\ThePlant\Product\Dependencies\luacpp\Source\Engine\LuaState.hpp">
      <Filter>Header Files</Filter>
    </ClInclude>
    <ClInclude Include="D:\Coding\VisualStudios\Application\ThePlant\Product\Dependencies\luacpp\Source\Engine\LuaType.hpp">
      <Filter>Header Files</Filter>
    </ClInclude>
    <ClInclude Include="D:\Coding\VisualStudios\Application\ThePlant\Product\Dependencies\luacpp\Source\Engine\LuaTNil.hpp">
      <Filter>Header Files</Filter>
    </ClInclude>
    <ClInclude Include="D:\Coding\VisualStudios\Application\ThePlant\Product\Dependencies\luacpp\Source\Engine\LuaTString.hpp">
      <Filter>Header Files</Filter>
    </ClInclude>
    <ClInclude Include="D:\Coding\VisualStudios\Application\ThePlant\Product\Dependencies\luacpp\Source\Engine\LuaTNumber.hpp">
      <Filter>Header Files</Filter>
    </ClInclude>
    <ClInclude Include="D:\Coding\VisualStudios\Application\ThePlant\Product\Dependencies\luacpp\Source\Engine\LuaTBoolean.hpp">
      <Filter>Header Files</Filter>
    </ClInclude>
    <ClInclude Include="D:\Coding\VisualStudios\Application\ThePlant\Product\Dependencies\luacpp\Source\Engine\LuaTTable.hpp">
      <Filter>Header Files</Filter>
    </ClInclude>
    <ClInclude Include="D:\Coding\VisualStudios\Application\ThePlant\Product\Dependencies\luacpp\Source\Engine\LuaTUserData.hpp">
      <Filter>Header Files</Filter>
    </ClInclude>
    <ClInclude Include="D:\Coding\VisualStudios\Application\ThePlant\Product\Dependencies\luacpp\Source\Registry\LuaRegistry.hpp">
      <Filter>Header Files</Filter>
    </ClInclude>
    <ClInclude Include="D:\Coding\VisualStudios\Application\ThePlant\Product\Dependencies\luacpp\Source\Registry\LuaCodeSnippet.hpp">
      <Filter>Header Files</Filter>
    </ClInclude>
    <ClInclude Include="D:\Coding\VisualStudios\Application\ThePlant\Product\Dependencies\luacpp\Source\Registry\LuaCompiler.hpp">
      <Filter>Header Files</Filter>
    </ClInclude>
    <ClInclude Include="D:\Coding\VisualStudios\Application\ThePlant\Product\Dependencies\luacpp\Source\Registry\LuaCFunction.hpp">
      <Filter>Header Files</Filter>
    </ClInclude>
    <ClInclude Include="D:\Coding\VisualStudios\Application\ThePlant\Product\Dependencies\luacpp\Source\Registry\LuaLibrary.hpp">
      <Filter>Header Files</Filter>
    </ClInclude>
    <ClInclude Include="D:\Coding\VisualStudios\Application\ThePlant\Product\Dependencies\luacpp\Source\LuaContext.hpp">
      <Filter>Header Files</Filter>
    </ClInclude>
    <ClInclude Include="D:\Coding\VisualStudios\Application\ThePlant\Product\Dependencies\luacpp\Source\LuaMetaObject.hpp">
      <Filter>Header Files</Filter>
    </ClInclude>
  </ItemGroup>
  <ItemGroup>
    <CustomBuild Include="D:\Coding\VisualStudios\Application\ThePlant\Product\Dependencies\luacpp\Source\CMakeLists.txt" />
  </ItemGroup>
  <ItemGroup>
    <Filter Include="Header Files">
      <UniqueIdentifier>{D6CE9127-3B0A-3EB6-A4AC-CC356760B632}</UniqueIdentifier>
    </Filter>
    <Filter Include="Source Files">
      <UniqueIdentifier>{0951B98B-49E2-345B-BE76-B73811431D4D}</UniqueIdentifier>
    </Filter>
  </ItemGroup>
</Project>
