<?xml version="1.0" encoding="utf-8"?>
<Project ToolsVersion="16.0" xmlns="http://schemas.microsoft.com/developer/msbuild/2003">
  <ItemGroup>
    <ClCompile Include="D:\Coding\VisualStudios\Application\ThePlant\Materials\Core\Debugging\Profiling\Profiler.cpp">
      <Filter>Source Files</Filter>
    </ClCompile>
    <ClCompile Include="D:\Coding\VisualStudios\Application\ThePlant\Materials\Core\Functionality\Source\Scheduler.cpp">
      <Filter>Source Files</Filter>
    </ClCompile>
    <ClCompile Include="D:\Coding\VisualStudios\Application\ThePlant\Materials\Core\Geometric\2DFunctions.cpp">
      <Filter>Source Files</Filter>
    </ClCompile>
    <ClCompile Include="D:\Coding\VisualStudios\Application\ThePlant\Materials\Core\Geometric\3DFunctions.cpp">
      <Filter>Source Files</Filter>
    </ClCompile>
    <ClCompile Include="D:\Coding\VisualStudios\Application\ThePlant\Materials\Core\Geometric\BoxFunctions.cpp">
      <Filter>Source Files</Filter>
    </ClCompile>
    <ClCompile Include="D:\Coding\VisualStudios\Application\ThePlant\Materials\Core\Geometric\CircleFunctions.cpp">
      <Filter>Source Files</Filter>
    </ClCompile>
    <ClCompile Include="D:\Coding\VisualStudios\Application\ThePlant\Materials\Core\Geometric\Functions.cpp">
      <Filter>Source Files</Filter>
    </ClCompile>
    <ClCompile Include="D:\Coding\VisualStudios\Application\ThePlant\Materials\Core\Geometric\Line2DFunctions.cpp">
      <Filter>Source Files</Filter>
    </ClCompile>
    <ClCompile Include="D:\Coding\VisualStudios\Application\ThePlant\Materials\Core\Geometric\Line3DFunctions.cpp">
      <Filter>Source Files</Filter>
    </ClCompile>
    <ClCompile Include="D:\Coding\VisualStudios\Application\ThePlant\Materials\Core\Geometric\PlaneFunctions.cpp">
      <Filter>Source Files</Filter>
    </ClCompile>
    <ClCompile Include="D:\Coding\VisualStudios\Application\ThePlant\Materials\Core\Geometric\RectangleFunctions.cpp">
      <Filter>Source Files</Filter>
    </ClCompile>
    <ClCompile Include="D:\Coding\VisualStudios\Application\ThePlant\Materials\Core\Geometric\SphereFunctions.cpp">
      <Filter>Source Files</Filter>
    </ClCompile>
    <ClCompile Include="D:\Coding\VisualStudios\Application\ThePlant\Materials\Core\Geometric\Transform.cpp">
      <Filter>Source Files</Filter>
    </ClCompile>
    <ClCompile Include="D:\Coding\VisualStudios\Application\ThePlant\Materials\Core\IO\Source\File.cpp">
      <Filter>Source Files</Filter>
    </ClCompile>
    <ClCompile Include="D:\Coding\VisualStudios\Application\ThePlant\Materials\Core\IO\Source\Folder.cpp">
      <Filter>Source Files</Filter>
    </ClCompile>
    <ClCompile Include="D:\Coding\VisualStudios\Application\ThePlant\Materials\Core\IO\Source\IOUtils.cpp">
      <Filter>Source Files</Filter>
    </ClCompile>
    <ClCompile Include="D:\Coding\VisualStudios\Application\ThePlant\Materials\Core\Logging\ConsoleLogger.cpp">
      <Filter>Source Files</Filter>
    </ClCompile>
    <ClCompile Include="D:\Coding\VisualStudios\Application\ThePlant\Materials\Core\Logging\Logger.cpp">
      <Filter>Source Files</Filter>
    </ClCompile>
    <ClCompile Include="D:\Coding\VisualStudios\Application\ThePlant\Materials\Core\Math\Source\UtilityFunctions.cpp">
      <Filter>Source Files</Filter>
    </ClCompile>
    <ClCompile Include="D:\Coding\VisualStudios\Application\ThePlant\Materials\Core\Math\UnitTests\MatrixTests.cpp">
      <Filter>Source Files</Filter>
    </ClCompile>
    <ClCompile Include="D:\Coding\VisualStudios\Application\ThePlant\Materials\Core\Math\UnitTests\VectorTests.cpp">
      <Filter>Source Files</Filter>
    </ClCompile>
    <ClCompile Include="D:\Coding\VisualStudios\Application\ThePlant\Materials\Core\Networking\Source\NetworkProtocol.cpp">
      <Filter>Source Files</Filter>
    </ClCompile>
    <ClCompile Include="D:\Coding\VisualStudios\Application\ThePlant\Materials\Core\Networking\Source\Utils.cpp">
      <Filter>Source Files</Filter>
    </ClCompile>
    <ClCompile Include="D:\Coding\VisualStudios\Application\ThePlant\Materials\Core\Source\Exception.cpp">
      <Filter>Source Files</Filter>
    </ClCompile>
    <ClCompile Include="D:\Coding\VisualStudios\Application\ThePlant\Materials\Core\Source\Hash.cpp">
      <Filter>Source Files</Filter>
    </ClCompile>
    <ClCompile Include="D:\Coding\VisualStudios\Application\ThePlant\Materials\Core\IdTypes\IncrementalId.cpp">
      <Filter>Source Files</Filter>
    </ClCompile>
    <ClCompile Include="D:\Coding\VisualStudios\Application\ThePlant\Materials\Core\IdTypes\RuntimeId.cpp">
      <Filter>Source Files</Filter>
    </ClCompile>
    <ClCompile Include="D:\Coding\VisualStudios\Application\ThePlant\Materials\Core\CoreUnitTests.cpp">
      <Filter>Source Files</Filter>
    </ClCompile>
  </ItemGroup>
  <ItemGroup>
    <CustomBuild Include="D:\Coding\VisualStudios\Application\ThePlant\Materials\Core\CMakeLists.txt" />
  </ItemGroup>
  <ItemGroup>
    <Filter Include="Source Files">
      <UniqueIdentifier>{0951B98B-49E2-345B-BE76-B73811431D4D}</UniqueIdentifier>
    </Filter>
  </ItemGroup>
</Project>
